
Microsoft Visual Studio Solution File, Format Version 12.00
# Visual Studio Version 17
VisualStudioVersion = 17.1.32328.378
MinimumVisualStudioVersion = 10.0.40219.1
Project("{2150E333-8FDC-42A3-9474-1A3956D46DE8}") = "Tests", "Tests", "{9E6E150B-162E-4D9A-8782-9BAFA9DE73FB}"
EndProject
Project("{9A19103F-16F7-4668-BE54-9A1E7A4F7556}") = "DigitalRune", "Source\DigitalRune\DigitalRune.csproj", "{3555D3AC-F13A-4743-83DD-F16FC2BF2BE3}"
EndProject
Project("{2150E333-8FDC-42A3-9474-1A3956D46DE8}") = "Source", "Source", "{43377E56-9E7A-4ECD-BD27-44B9F85E01AE}"
EndProject
Project("{9A19103F-16F7-4668-BE54-9A1E7A4F7556}") = "DigitalRune.ServiceLocation", "Source\DigitalRune.ServiceLocation\DigitalRune.ServiceLocation.csproj", "{C12654BD-DA50-409E-B8CF-07E2C4FD24F5}"
EndProject
Project("{9A19103F-16F7-4668-BE54-9A1E7A4F7556}") = "NUnit.Utils", "Source\NUnit.Utils\NUnit.Utils.csproj", "{70FD693A-9F7D-46F6-9B93-4CF5C76DEB15}"
EndProject
Project("{9A19103F-16F7-4668-BE54-9A1E7A4F7556}") = "DigitalRune.CommandLine", "Source\DigitalRune.CommandLine\DigitalRune.CommandLine.csproj", "{6DC3B3C3-AE37-4088-9ADC-BF7B86771FC2}"
EndProject
Project("{9A19103F-16F7-4668-BE54-9A1E7A4F7556}") = "DigitalRune.Mathematics.MonoGame", "Source\DigitalRune.Mathematics\DigitalRune.Mathematics.MonoGame.csproj", "{4C0A7B03-DAE3-4457-A452-BB9CDB6BAA86}"
EndProject
Project("{9A19103F-16F7-4668-BE54-9A1E7A4F7556}") = "DigitalRune.Geometry.MonoGame", "Source\DigitalRune.Geometry\DigitalRune.Geometry.MonoGame.csproj", "{76B9EAB2-76E6-4D9B-8FC2-94C3DA0C9A80}"
EndProject
Project("{9A19103F-16F7-4668-BE54-9A1E7A4F7556}") = "DigitalRune.Animation.MonoGame", "Source\DigitalRune.Animation\DigitalRune.Animation.MonoGame.csproj", "{CBBF13D9-5DA7-41BF-B183-513E8A31AB3F}"
EndProject
Project("{9A19103F-16F7-4668-BE54-9A1E7A4F7556}") = "DigitalRune.Game.Input.MonoGame", "Source\DigitalRune.Game.Input\DigitalRune.Game.Input.MonoGame.csproj", "{7E3BF4DD-E5D3-46E4-A744-FB85AF075D39}"
EndProject
Project("{9A19103F-16F7-4668-BE54-9A1E7A4F7556}") = "DigitalRune.Game.UI.MonoGame", "Source\DigitalRune.Game.UI\DigitalRune.Game.UI.MonoGame.csproj", "{B8FD8319-630D-4A08-B90C-5E7BF4A76531}"
EndProject
Project("{9A19103F-16F7-4668-BE54-9A1E7A4F7556}") = "DigitalRune.Particles.MonoGame", "Source\DigitalRune.Particles\DigitalRune.Particles.MonoGame.csproj", "{7DC1F2A1-1913-4C68-8FDB-67C4141C3386}"
EndProject
Project("{9A19103F-16F7-4668-BE54-9A1E7A4F7556}") = "DigitalRune.Physics.MonoGame", "Source\DigitalRune.Physics\DigitalRune.Physics.MonoGame.csproj", "{12CD3E2C-A063-42A6-A7B4-D14956478C52}"
EndProject
Project("{9A19103F-16F7-4668-BE54-9A1E7A4F7556}") = "DigitalRune.Physics.Specialized.MonoGame", "Source\DigitalRune.Physics.Specialized\DigitalRune.Physics.Specialized.MonoGame.csproj", "{0383AE2C-07AA-4640-8C67-5084818E57A2}"
EndProject
Project("{9A19103F-16F7-4668-BE54-9A1E7A4F7556}") = "DigitalRune.Graphics.MonoGame.DirectX", "Source\DigitalRune.Graphics\DigitalRune.Graphics.MonoGame.DirectX.csproj", "{178AC2B0-15A6-44AA-91D7-C9FB23EF4E4A}"
EndProject
Project("{2150E333-8FDC-42A3-9474-1A3956D46DE8}") = "Samples", "Samples", "{4E3892B6-8A51-42F9-A3F3-8BADC5D000AC}"
EndProject
Project("{9A19103F-16F7-4668-BE54-9A1E7A4F7556}") = "SampleBrowser.MonoGame.DirectX", "Samples\SampleBrowser\SampleBrowser.MonoGame.DirectX.csproj", "{FE97CDC2-943D-4107-8462-7543068817E5}"
EndProject
Project("{9A19103F-16F7-4668-BE54-9A1E7A4F7556}") = "DigitalRune.Game.MonoGame", "Source\DigitalRune.Game\DigitalRune.Game.MonoGame.csproj", "{E848569F-1E99-4153-B61E-753FE1CE8238}"
EndProject
Project("{9A19103F-16F7-4668-BE54-9A1E7A4F7556}") = "DigitalRune.Windows.Interop.MonoGame.DirectX", "Source\DigitalRune.Windows.Interop\DigitalRune.Windows.Interop.MonoGame.DirectX.csproj", "{E67B256A-873B-43E6-9CA9-446579D9C5EB}"
EndProject
Project("{9A19103F-16F7-4668-BE54-9A1E7A4F7556}") = "DigitalRune.Animation.Tests.MonoGame", "Source\DigitalRune.Animation.Tests\DigitalRune.Animation.Tests.MonoGame.csproj", "{CC040440-676F-4E32-999A-7892549C012B}"
EndProject
Project("{9A19103F-16F7-4668-BE54-9A1E7A4F7556}") = "DigitalRune.CommandLine.Tests", "Source\DigitalRune.CommandLine.Tests\DigitalRune.CommandLine.Tests.csproj", "{7BDF4E7A-148B-4364-8FA8-C97565DFC5A4}"
EndProject
Project("{9A19103F-16F7-4668-BE54-9A1E7A4F7556}") = "DigitalRune.Game.MonoGame.Tests", "Source\DigitalRune.Game.Tests\DigitalRune.Game.MonoGame.Tests.csproj", "{31DD9AFC-CB39-4D38-A644-393F6B70E1D8}"
EndProject
Project("{9A19103F-16F7-4668-BE54-9A1E7A4F7556}") = "DigitalRune.Game.UI.Tests.MonoGame", "Source\DigitalRune.Game.UI.Tests\DigitalRune.Game.UI.Tests.MonoGame.csproj", "{FB556BA2-14FD-4B54-A158-0EA376F9513F}"
EndProject
Project("{9A19103F-16F7-4668-BE54-9A1E7A4F7556}") = "DigitalRune.Geometry.Tests.MonoGame", "Source\DigitalRune.Geometry.Tests\DigitalRune.Geometry.Tests.MonoGame.csproj", "{13AA7483-9690-4637-8BDF-0BBAFE155281}"
EndProject
Project("{9A19103F-16F7-4668-BE54-9A1E7A4F7556}") = "DigitalRune.Graphics.Tests.MonoGame", "Source\DigitalRune.Graphics.Tests\DigitalRune.Graphics.Tests.MonoGame.csproj", "{1DFD7248-0E10-438C-B814-37ADBE6A15A5}"
EndProject
Project("{9A19103F-16F7-4668-BE54-9A1E7A4F7556}") = "DigitalRune.Mathematics.Tests.MonoGame", "Source\DigitalRune.Mathematics.Tests\DigitalRune.Mathematics.Tests.MonoGame.csproj", "{CD4C290E-9642-45C6-A0A6-FD6E5252FBAE}"
EndProject
Project("{9A19103F-16F7-4668-BE54-9A1E7A4F7556}") = "DigitalRune.Particles.Tests.MonoGame", "Source\DigitalRune.Particles.Tests\DigitalRune.Particles.Tests.MonoGame.csproj", "{E2FCAF70-E446-4705-AD9D-197C94CBB733}"
EndProject
Project("{9A19103F-16F7-4668-BE54-9A1E7A4F7556}") = "DigitalRune.Tests", "Source\DigitalRune.Tests\DigitalRune.Tests.csproj", "{A7AF9270-69D8-4C19-B62C-671D316739DF}"
EndProject
Project("{9A19103F-16F7-4668-BE54-9A1E7A4F7556}") = "WpfInteropSample.MonoGame.DirectX", "Samples\WpfInteropSample\WpfInteropSample.MonoGame.DirectX.csproj", "{A17D5334-7174-4B1F-BE9E-374F655E7F77}"
EndProject
Global
	GlobalSection(SolutionConfigurationPlatforms) = preSolution
		Debug|Any CPU = Debug|Any CPU
		Release|Any CPU = Release|Any CPU
	EndGlobalSection
	GlobalSection(ProjectConfigurationPlatforms) = postSolution
		{3555D3AC-F13A-4743-83DD-F16FC2BF2BE3}.Debug|Any CPU.ActiveCfg = Debug|Any CPU
		{3555D3AC-F13A-4743-83DD-F16FC2BF2BE3}.Debug|Any CPU.Build.0 = Debug|Any CPU
		{3555D3AC-F13A-4743-83DD-F16FC2BF2BE3}.Release|Any CPU.ActiveCfg = Release|Any CPU
		{3555D3AC-F13A-4743-83DD-F16FC2BF2BE3}.Release|Any CPU.Build.0 = Release|Any CPU
		{C12654BD-DA50-409E-B8CF-07E2C4FD24F5}.Debug|Any CPU.ActiveCfg = Debug|Any CPU
		{C12654BD-DA50-409E-B8CF-07E2C4FD24F5}.Debug|Any CPU.Build.0 = Debug|Any CPU
		{C12654BD-DA50-409E-B8CF-07E2C4FD24F5}.Release|Any CPU.ActiveCfg = Release|Any CPU
		{C12654BD-DA50-409E-B8CF-07E2C4FD24F5}.Release|Any CPU.Build.0 = Release|Any CPU
		{70FD693A-9F7D-46F6-9B93-4CF5C76DEB15}.Debug|Any CPU.ActiveCfg = Debug|Any CPU
		{70FD693A-9F7D-46F6-9B93-4CF5C76DEB15}.Debug|Any CPU.Build.0 = Debug|Any CPU
		{70FD693A-9F7D-46F6-9B93-4CF5C76DEB15}.Release|Any CPU.ActiveCfg = Release|Any CPU
		{70FD693A-9F7D-46F6-9B93-4CF5C76DEB15}.Release|Any CPU.Build.0 = Release|Any CPU
		{6DC3B3C3-AE37-4088-9ADC-BF7B86771FC2}.Debug|Any CPU.ActiveCfg = Debug|Any CPU
		{6DC3B3C3-AE37-4088-9ADC-BF7B86771FC2}.Debug|Any CPU.Build.0 = Debug|Any CPU
		{6DC3B3C3-AE37-4088-9ADC-BF7B86771FC2}.Release|Any CPU.ActiveCfg = Release|Any CPU
		{6DC3B3C3-AE37-4088-9ADC-BF7B86771FC2}.Release|Any CPU.Build.0 = Release|Any CPU
		{4C0A7B03-DAE3-4457-A452-BB9CDB6BAA86}.Debug|Any CPU.ActiveCfg = Debug|Any CPU
		{4C0A7B03-DAE3-4457-A452-BB9CDB6BAA86}.Debug|Any CPU.Build.0 = Debug|Any CPU
		{4C0A7B03-DAE3-4457-A452-BB9CDB6BAA86}.Release|Any CPU.ActiveCfg = Release|Any CPU
		{4C0A7B03-DAE3-4457-A452-BB9CDB6BAA86}.Release|Any CPU.Build.0 = Release|Any CPU
		{76B9EAB2-76E6-4D9B-8FC2-94C3DA0C9A80}.Debug|Any CPU.ActiveCfg = Debug|Any CPU
		{76B9EAB2-76E6-4D9B-8FC2-94C3DA0C9A80}.Debug|Any CPU.Build.0 = Debug|Any CPU
		{76B9EAB2-76E6-4D9B-8FC2-94C3DA0C9A80}.Release|Any CPU.ActiveCfg = Release|Any CPU
		{76B9EAB2-76E6-4D9B-8FC2-94C3DA0C9A80}.Release|Any CPU.Build.0 = Release|Any CPU
		{CBBF13D9-5DA7-41BF-B183-513E8A31AB3F}.Debug|Any CPU.ActiveCfg = Debug|Any CPU
		{CBBF13D9-5DA7-41BF-B183-513E8A31AB3F}.Debug|Any CPU.Build.0 = Debug|Any CPU
		{CBBF13D9-5DA7-41BF-B183-513E8A31AB3F}.Release|Any CPU.ActiveCfg = Release|Any CPU
		{CBBF13D9-5DA7-41BF-B183-513E8A31AB3F}.Release|Any CPU.Build.0 = Release|Any CPU
		{7E3BF4DD-E5D3-46E4-A744-FB85AF075D39}.Debug|Any CPU.ActiveCfg = Debug|Any CPU
		{7E3BF4DD-E5D3-46E4-A744-FB85AF075D39}.Debug|Any CPU.Build.0 = Debug|Any CPU
		{7E3BF4DD-E5D3-46E4-A744-FB85AF075D39}.Release|Any CPU.ActiveCfg = Release|Any CPU
		{7E3BF4DD-E5D3-46E4-A744-FB85AF075D39}.Release|Any CPU.Build.0 = Release|Any CPU
		{B8FD8319-630D-4A08-B90C-5E7BF4A76531}.Debug|Any CPU.ActiveCfg = Debug|Any CPU
		{B8FD8319-630D-4A08-B90C-5E7BF4A76531}.Debug|Any CPU.Build.0 = Debug|Any CPU
		{B8FD8319-630D-4A08-B90C-5E7BF4A76531}.Release|Any CPU.ActiveCfg = Release|Any CPU
		{B8FD8319-630D-4A08-B90C-5E7BF4A76531}.Release|Any CPU.Build.0 = Release|Any CPU
		{7DC1F2A1-1913-4C68-8FDB-67C4141C3386}.Debug|Any CPU.ActiveCfg = Debug|Any CPU
		{7DC1F2A1-1913-4C68-8FDB-67C4141C3386}.Debug|Any CPU.Build.0 = Debug|Any CPU
		{7DC1F2A1-1913-4C68-8FDB-67C4141C3386}.Release|Any CPU.ActiveCfg = Release|Any CPU
		{7DC1F2A1-1913-4C68-8FDB-67C4141C3386}.Release|Any CPU.Build.0 = Release|Any CPU
		{12CD3E2C-A063-42A6-A7B4-D14956478C52}.Debug|Any CPU.ActiveCfg = Debug|Any CPU
		{12CD3E2C-A063-42A6-A7B4-D14956478C52}.Debug|Any CPU.Build.0 = Debug|Any CPU
		{12CD3E2C-A063-42A6-A7B4-D14956478C52}.Release|Any CPU.ActiveCfg = Release|Any CPU
		{12CD3E2C-A063-42A6-A7B4-D14956478C52}.Release|Any CPU.Build.0 = Release|Any CPU
		{0383AE2C-07AA-4640-8C67-5084818E57A2}.Debug|Any CPU.ActiveCfg = Debug|Any CPU
		{0383AE2C-07AA-4640-8C67-5084818E57A2}.Debug|Any CPU.Build.0 = Debug|Any CPU
		{0383AE2C-07AA-4640-8C67-5084818E57A2}.Release|Any CPU.ActiveCfg = Release|Any CPU
		{0383AE2C-07AA-4640-8C67-5084818E57A2}.Release|Any CPU.Build.0 = Release|Any CPU
		{178AC2B0-15A6-44AA-91D7-C9FB23EF4E4A}.Debug|Any CPU.ActiveCfg = Debug|Any CPU
		{178AC2B0-15A6-44AA-91D7-C9FB23EF4E4A}.Debug|Any CPU.Build.0 = Debug|Any CPU
		{178AC2B0-15A6-44AA-91D7-C9FB23EF4E4A}.Release|Any CPU.ActiveCfg = Release|Any CPU
		{178AC2B0-15A6-44AA-91D7-C9FB23EF4E4A}.Release|Any CPU.Build.0 = Release|Any CPU
		{FE97CDC2-943D-4107-8462-7543068817E5}.Debug|Any CPU.ActiveCfg = Debug|Any CPU
		{FE97CDC2-943D-4107-8462-7543068817E5}.Debug|Any CPU.Build.0 = Debug|Any CPU
		{FE97CDC2-943D-4107-8462-7543068817E5}.Release|Any CPU.ActiveCfg = Release|Any CPU
		{FE97CDC2-943D-4107-8462-7543068817E5}.Release|Any CPU.Build.0 = Release|Any CPU
		{E848569F-1E99-4153-B61E-753FE1CE8238}.Debug|Any CPU.ActiveCfg = Debug|Any CPU
		{E848569F-1E99-4153-B61E-753FE1CE8238}.Debug|Any CPU.Build.0 = Debug|Any CPU
		{E848569F-1E99-4153-B61E-753FE1CE8238}.Release|Any CPU.ActiveCfg = Release|Any CPU
		{E848569F-1E99-4153-B61E-753FE1CE8238}.Release|Any CPU.Build.0 = Release|Any CPU
		{E67B256A-873B-43E6-9CA9-446579D9C5EB}.Debug|Any CPU.ActiveCfg = Debug|Any CPU
		{E67B256A-873B-43E6-9CA9-446579D9C5EB}.Debug|Any CPU.Build.0 = Debug|Any CPU
		{E67B256A-873B-43E6-9CA9-446579D9C5EB}.Release|Any CPU.ActiveCfg = Release|Any CPU
		{E67B256A-873B-43E6-9CA9-446579D9C5EB}.Release|Any CPU.Build.0 = Release|Any CPU
		{CC040440-676F-4E32-999A-7892549C012B}.Debug|Any CPU.ActiveCfg = Debug|Any CPU
		{CC040440-676F-4E32-999A-7892549C012B}.Debug|Any CPU.Build.0 = Debug|Any CPU
		{CC040440-676F-4E32-999A-7892549C012B}.Release|Any CPU.ActiveCfg = Release|Any CPU
		{CC040440-676F-4E32-999A-7892549C012B}.Release|Any CPU.Build.0 = Release|Any CPU
		{7BDF4E7A-148B-4364-8FA8-C97565DFC5A4}.Debug|Any CPU.ActiveCfg = Debug|Any CPU
		{7BDF4E7A-148B-4364-8FA8-C97565DFC5A4}.Debug|Any CPU.Build.0 = Debug|Any CPU
		{7BDF4E7A-148B-4364-8FA8-C97565DFC5A4}.Release|Any CPU.ActiveCfg = Release|Any CPU
		{7BDF4E7A-148B-4364-8FA8-C97565DFC5A4}.Release|Any CPU.Build.0 = Release|Any CPU
		{31DD9AFC-CB39-4D38-A644-393F6B70E1D8}.Debug|Any CPU.ActiveCfg = Debug|Any CPU
		{31DD9AFC-CB39-4D38-A644-393F6B70E1D8}.Debug|Any CPU.Build.0 = Debug|Any CPU
		{31DD9AFC-CB39-4D38-A644-393F6B70E1D8}.Release|Any CPU.ActiveCfg = Release|Any CPU
		{31DD9AFC-CB39-4D38-A644-393F6B70E1D8}.Release|Any CPU.Build.0 = Release|Any CPU
		{FB556BA2-14FD-4B54-A158-0EA376F9513F}.Debug|Any CPU.ActiveCfg = Debug|Any CPU
		{FB556BA2-14FD-4B54-A158-0EA376F9513F}.Debug|Any CPU.Build.0 = Debug|Any CPU
		{FB556BA2-14FD-4B54-A158-0EA376F9513F}.Release|Any CPU.ActiveCfg = Release|Any CPU
		{FB556BA2-14FD-4B54-A158-0EA376F9513F}.Release|Any CPU.Build.0 = Release|Any CPU
		{13AA7483-9690-4637-8BDF-0BBAFE155281}.Debug|Any CPU.ActiveCfg = Debug|Any CPU
		{13AA7483-9690-4637-8BDF-0BBAFE155281}.Debug|Any CPU.Build.0 = Debug|Any CPU
		{13AA7483-9690-4637-8BDF-0BBAFE155281}.Release|Any CPU.ActiveCfg = Release|Any CPU
		{13AA7483-9690-4637-8BDF-0BBAFE155281}.Release|Any CPU.Build.0 = Release|Any CPU
		{1DFD7248-0E10-438C-B814-37ADBE6A15A5}.Debug|Any CPU.ActiveCfg = Debug|Any CPU
		{1DFD7248-0E10-438C-B814-37ADBE6A15A5}.Debug|Any CPU.Build.0 = Debug|Any CPU
		{1DFD7248-0E10-438C-B814-37ADBE6A15A5}.Release|Any CPU.ActiveCfg = Release|Any CPU
		{1DFD7248-0E10-438C-B814-37ADBE6A15A5}.Release|Any CPU.Build.0 = Release|Any CPU
		{CD4C290E-9642-45C6-A0A6-FD6E5252FBAE}.Debug|Any CPU.ActiveCfg = Debug|Any CPU
		{CD4C290E-9642-45C6-A0A6-FD6E5252FBAE}.Debug|Any CPU.Build.0 = Debug|Any CPU
		{CD4C290E-9642-45C6-A0A6-FD6E5252FBAE}.Release|Any CPU.ActiveCfg = Release|Any CPU
		{CD4C290E-9642-45C6-A0A6-FD6E5252FBAE}.Release|Any CPU.Build.0 = Release|Any CPU
		{E2FCAF70-E446-4705-AD9D-197C94CBB733}.Debug|Any CPU.ActiveCfg = Debug|Any CPU
		{E2FCAF70-E446-4705-AD9D-197C94CBB733}.Debug|Any CPU.Build.0 = Debug|Any CPU
		{E2FCAF70-E446-4705-AD9D-197C94CBB733}.Release|Any CPU.ActiveCfg = Release|Any CPU
		{E2FCAF70-E446-4705-AD9D-197C94CBB733}.Release|Any CPU.Build.0 = Release|Any CPU
		{A7AF9270-69D8-4C19-B62C-671D316739DF}.Debug|Any CPU.ActiveCfg = Debug|Any CPU
		{A7AF9270-69D8-4C19-B62C-671D316739DF}.Debug|Any CPU.Build.0 = Debug|Any CPU
		{A7AF9270-69D8-4C19-B62C-671D316739DF}.Release|Any CPU.ActiveCfg = Release|Any CPU
		{A7AF9270-69D8-4C19-B62C-671D316739DF}.Release|Any CPU.Build.0 = Release|Any CPU
		{A17D5334-7174-4B1F-BE9E-374F655E7F77}.Debug|Any CPU.ActiveCfg = Debug|Any CPU
		{A17D5334-7174-4B1F-BE9E-374F655E7F77}.Debug|Any CPU.Build.0 = Debug|Any CPU
		{A17D5334-7174-4B1F-BE9E-374F655E7F77}.Release|Any CPU.ActiveCfg = Release|Any CPU
		{A17D5334-7174-4B1F-BE9E-374F655E7F77}.Release|Any CPU.Build.0 = Release|Any CPU
	EndGlobalSection
	GlobalSection(SolutionProperties) = preSolution
		HideSolutionNode = FALSE
	EndGlobalSection
	GlobalSection(NestedProjects) = preSolution
		{3555D3AC-F13A-4743-83DD-F16FC2BF2BE3} = {43377E56-9E7A-4ECD-BD27-44B9F85E01AE}
		{C12654BD-DA50-409E-B8CF-07E2C4FD24F5} = {43377E56-9E7A-4ECD-BD27-44B9F85E01AE}
		{70FD693A-9F7D-46F6-9B93-4CF5C76DEB15} = {9E6E150B-162E-4D9A-8782-9BAFA9DE73FB}
		{6DC3B3C3-AE37-4088-9ADC-BF7B86771FC2} = {43377E56-9E7A-4ECD-BD27-44B9F85E01AE}
		{4C0A7B03-DAE3-4457-A452-BB9CDB6BAA86} = {43377E56-9E7A-4ECD-BD27-44B9F85E01AE}
		{76B9EAB2-76E6-4D9B-8FC2-94C3DA0C9A80} = {43377E56-9E7A-4ECD-BD27-44B9F85E01AE}
		{CBBF13D9-5DA7-41BF-B183-513E8A31AB3F} = {43377E56-9E7A-4ECD-BD27-44B9F85E01AE}
		{7E3BF4DD-E5D3-46E4-A744-FB85AF075D39} = {43377E56-9E7A-4ECD-BD27-44B9F85E01AE}
		{B8FD8319-630D-4A08-B90C-5E7BF4A76531} = {43377E56-9E7A-4ECD-BD27-44B9F85E01AE}
		{7DC1F2A1-1913-4C68-8FDB-67C4141C3386} = {43377E56-9E7A-4ECD-BD27-44B9F85E01AE}
		{12CD3E2C-A063-42A6-A7B4-D14956478C52} = {43377E56-9E7A-4ECD-BD27-44B9F85E01AE}
		{0383AE2C-07AA-4640-8C67-5084818E57A2} = {43377E56-9E7A-4ECD-BD27-44B9F85E01AE}
		{178AC2B0-15A6-44AA-91D7-C9FB23EF4E4A} = {43377E56-9E7A-4ECD-BD27-44B9F85E01AE}
		{FE97CDC2-943D-4107-8462-7543068817E5} = {4E3892B6-8A51-42F9-A3F3-8BADC5D000AC}
		{E848569F-1E99-4153-B61E-753FE1CE8238} = {43377E56-9E7A-4ECD-BD27-44B9F85E01AE}
		{E67B256A-873B-43E6-9CA9-446579D9C5EB} = {43377E56-9E7A-4ECD-BD27-44B9F85E01AE}
		{CC040440-676F-4E32-999A-7892549C012B} = {9E6E150B-162E-4D9A-8782-9BAFA9DE73FB}
		{7BDF4E7A-148B-4364-8FA8-C97565DFC5A4} = {9E6E150B-162E-4D9A-8782-9BAFA9DE73FB}
		{31DD9AFC-CB39-4D38-A644-393F6B70E1D8} = {9E6E150B-162E-4D9A-8782-9BAFA9DE73FB}
		{FB556BA2-14FD-4B54-A158-0EA376F9513F} = {9E6E150B-162E-4D9A-8782-9BAFA9DE73FB}
		{13AA7483-9690-4637-8BDF-0BBAFE155281} = {9E6E150B-162E-4D9A-8782-9BAFA9DE73FB}
		{1DFD7248-0E10-438C-B814-37ADBE6A15A5} = {9E6E150B-162E-4D9A-8782-9BAFA9DE73FB}
		{CD4C290E-9642-45C6-A0A6-FD6E5252FBAE} = {9E6E150B-162E-4D9A-8782-9BAFA9DE73FB}
		{E2FCAF70-E446-4705-AD9D-197C94CBB733} = {9E6E150B-162E-4D9A-8782-9BAFA9DE73FB}
		{A7AF9270-69D8-4C19-B62C-671D316739DF} = {9E6E150B-162E-4D9A-8782-9BAFA9DE73FB}
		{A17D5334-7174-4B1F-BE9E-374F655E7F77} = {4E3892B6-8A51-42F9-A3F3-8BADC5D000AC}
	EndGlobalSection
	GlobalSection(ExtensibilityGlobals) = postSolution
		SolutionGuid = {35ACDF4E-2CE2-46B1-A19F-35DC131069A1}
	EndGlobalSection
	GlobalSection(MonoDevelopProperties) = preSolution
		StartupItem = Myra.UIEditor\Myra.UIEditor.csproj
	EndGlobalSection
EndGlobal
