
Microsoft Visual Studio Solution File, Format Version 12.00
# Visual Studio Version 17
VisualStudioVersion = 17.1.32328.378
MinimumVisualStudioVersion = 10.0.40219.1
Project("{9A19103F-16F7-4668-BE54-9A1E7A4F7556}") = "FNA.Core", "..\FNA\FNA.Core.csproj", "{E3312B36-8585-4097-A8A4-7C3606730E87}"
EndProject
Project("{9A19103F-16F7-4668-BE54-9A1E7A4F7556}") = "FontStashSharp.FNA.Core", "..\FontStashSharp\src\XNA\FontStashSharp.FNA.Core.csproj", "{134585FE-954C-44A1-96CC-739E528E788D}"
EndProject
Project("{9A19103F-16F7-4668-BE54-9A1E7A4F7556}") = "XNAssets.FNA.Core", "..\XNAssets\src\XNAssets.FNA.Core.csproj", "{76F4A57C-7983-40E6-8307-F251EC0BBF3C}"
EndProject
Project("{9A19103F-16F7-4668-BE54-9A1E7A4F7556}") = "DdsKtxXna.FNA.Core", "..\DdsKtxXna\DdsKtxXna\DdsKtxXna.FNA.Core.csproj", "{8AD6365F-9913-467C-BAC4-AE3F7B8CC0CF}"
EndProject
Project("{2150E333-8FDC-42A3-9474-1A3956D46DE8}") = "ThirdParty", "ThirdParty", "{0FFA10CA-4DF2-4C48-9E7B-C81E66F6EF3B}"
EndProject
Project("{2150E333-8FDC-42A3-9474-1A3956D46DE8}") = "Source", "Source", "{43377E56-9E7A-4ECD-BD27-44B9F85E01AE}"
EndProject
Project("{9A19103F-16F7-4668-BE54-9A1E7A4F7556}") = "DigitalRise.CommandLine", "Source\DigitalRise.CommandLine\DigitalRise.CommandLine.csproj", "{6DC3B3C3-AE37-4088-9ADC-BF7B86771FC2}"
EndProject
Project("{9A19103F-16F7-4668-BE54-9A1E7A4F7556}") = "DigitalRise.Mathematics.FNA.Core", "Source\DigitalRise.Mathematics\DigitalRise.Mathematics.FNA.Core.csproj", "{752A076A-5F37-414E-8FA1-33C1DF620F59}"
EndProject
Project("{9A19103F-16F7-4668-BE54-9A1E7A4F7556}") = "DigitalRise.Geometry.FNA.Core", "Source\DigitalRise.Geometry\DigitalRise.Geometry.FNA.Core.csproj", "{058754F7-2B33-447F-B255-CA690C8CF264}"
EndProject
Project("{9A19103F-16F7-4668-BE54-9A1E7A4F7556}") = "DigitalRise.Animation.FNA.Core", "Source\DigitalRise.Animation\DigitalRise.Animation.FNA.Core.csproj", "{C5873FF9-3A18-4659-906F-268BFA1F0DF6}"
EndProject
Project("{9A19103F-16F7-4668-BE54-9A1E7A4F7556}") = "DigitalRise.Particles.FNA.Core", "Source\DigitalRise.Particles\DigitalRise.Particles.FNA.Core.csproj", "{5E7AD09A-5C07-43B7-84D0-14347F9DDAB7}"
EndProject
Project("{9A19103F-16F7-4668-BE54-9A1E7A4F7556}") = "DigitalRise.Graphics.FNA.Core", "Source\DigitalRise.Graphics\DigitalRise.Graphics.FNA.Core.csproj", "{CDAF8E4A-5443-4166-977A-E02864923A0B}"
EndProject
Project("{9A19103F-16F7-4668-BE54-9A1E7A4F7556}") = "DigitalRise.Input.FNA.Core", "Source\DigitalRise.Input\DigitalRise.Input.FNA.Core.csproj", "{6623E8E3-2DFA-4169-B386-4961148FB4F2}"
EndProject
Project("{9A19103F-16F7-4668-BE54-9A1E7A4F7556}") = "DigitalRise.UI.FNA.Core", "Source\DigitalRise.UI\DigitalRise.UI.FNA.Core.csproj", "{341232F7-1FC2-41E5-9BA6-113E2143CEB4}"
EndProject
Project("{9A19103F-16F7-4668-BE54-9A1E7A4F7556}") = "DigitalRise.Physics.FNA.Core", "Source\DigitalRise.Physics\DigitalRise.Physics.FNA.Core.csproj", "{534775EE-85C2-4272-B7F3-45AF495B6789}"
EndProject
Project("{9A19103F-16F7-4668-BE54-9A1E7A4F7556}") = "DigitalRise.Physics.Specialized.FNA.Core", "Source\DigitalRise.Physics.Specialized\DigitalRise.Physics.Specialized.FNA.Core.csproj", "{CC1E0CBA-353B-46DC-996F-9DC9DA0D25ED}"
EndProject
Project("{9A19103F-16F7-4668-BE54-9A1E7A4F7556}") = "DigitalRise.GameBase.FNA.Core", "Source\DigitalRise.GameBase\DigitalRise.GameBase.FNA.Core.csproj", "{36C2D024-7DAC-47B3-AD28-5B37FCD3BA1C}"
EndProject
Project("{2150E333-8FDC-42A3-9474-1A3956D46DE8}") = "Samples", "Samples", "{56281A5D-B334-49CF-B649-A0DEB9598D07}"
EndProject
Project("{9A19103F-16F7-4668-BE54-9A1E7A4F7556}") = "SampleBrowser.FNA.Core", "Samples\SampleBrowser\SampleBrowser.FNA.Core.csproj", "{178095DB-4A8A-4A71-A300-E06EA864F0EA}"
EndProject
Project("{9A19103F-16F7-4668-BE54-9A1E7A4F7556}") = "DigitalRise.Common.FNA.Core", "Source\DigitalRise.Common\DigitalRise.Common.FNA.Core.csproj", "{84452B8C-D819-4A3C-AA43-DF18798DD61B}"
EndProject
Project("{9A19103F-16F7-4668-BE54-9A1E7A4F7556}") = "Myra.FNA.Core", "..\Myra\src\Myra\Myra.FNA.Core.csproj", "{ED96E1E1-B21F-4D66-8008-9326646E6B55}"
EndProject
Project("{9A19103F-16F7-4668-BE54-9A1E7A4F7556}") = "LevelEditor.FNA.Core", "Samples\LevelEditor\LevelEditor.FNA.Core.csproj", "{3D6610C9-A7CC-4D9D-B8FD-06BACF4CE7FB}"
EndProject
Global
	GlobalSection(SolutionConfigurationPlatforms) = preSolution
		Debug|Any CPU = Debug|Any CPU
		Debug|x64 = Debug|x64
		Release|Any CPU = Release|Any CPU
		Release|x64 = Release|x64
	EndGlobalSection
	GlobalSection(ProjectConfigurationPlatforms) = postSolution
		{E3312B36-8585-4097-A8A4-7C3606730E87}.Debug|Any CPU.ActiveCfg = Debug|x64
		{E3312B36-8585-4097-A8A4-7C3606730E87}.Debug|Any CPU.Build.0 = Debug|x64
		{E3312B36-8585-4097-A8A4-7C3606730E87}.Debug|x64.ActiveCfg = Debug|x64
		{E3312B36-8585-4097-A8A4-7C3606730E87}.Debug|x64.Build.0 = Debug|x64
		{E3312B36-8585-4097-A8A4-7C3606730E87}.Release|Any CPU.ActiveCfg = Release|x64
		{E3312B36-8585-4097-A8A4-7C3606730E87}.Release|Any CPU.Build.0 = Release|x64
		{E3312B36-8585-4097-A8A4-7C3606730E87}.Release|x64.ActiveCfg = Release|x64
		{E3312B36-8585-4097-A8A4-7C3606730E87}.Release|x64.Build.0 = Release|x64
		{134585FE-954C-44A1-96CC-739E528E788D}.Debug|Any CPU.ActiveCfg = Debug|Any CPU
		{134585FE-954C-44A1-96CC-739E528E788D}.Debug|Any CPU.Build.0 = Debug|Any CPU
		{134585FE-954C-44A1-96CC-739E528E788D}.Debug|x64.ActiveCfg = Debug|Any CPU
		{134585FE-954C-44A1-96CC-739E528E788D}.Debug|x64.Build.0 = Debug|Any CPU
		{134585FE-954C-44A1-96CC-739E528E788D}.Release|Any CPU.ActiveCfg = Release|Any CPU
		{134585FE-954C-44A1-96CC-739E528E788D}.Release|Any CPU.Build.0 = Release|Any CPU
		{134585FE-954C-44A1-96CC-739E528E788D}.Release|x64.ActiveCfg = Release|Any CPU
		{134585FE-954C-44A1-96CC-739E528E788D}.Release|x64.Build.0 = Release|Any CPU
		{76F4A57C-7983-40E6-8307-F251EC0BBF3C}.Debug|Any CPU.ActiveCfg = Debug|Any CPU
		{76F4A57C-7983-40E6-8307-F251EC0BBF3C}.Debug|Any CPU.Build.0 = Debug|Any CPU
		{76F4A57C-7983-40E6-8307-F251EC0BBF3C}.Debug|x64.ActiveCfg = Debug|Any CPU
		{76F4A57C-7983-40E6-8307-F251EC0BBF3C}.Debug|x64.Build.0 = Debug|Any CPU
		{76F4A57C-7983-40E6-8307-F251EC0BBF3C}.Release|Any CPU.ActiveCfg = Release|Any CPU
		{76F4A57C-7983-40E6-8307-F251EC0BBF3C}.Release|Any CPU.Build.0 = Release|Any CPU
		{76F4A57C-7983-40E6-8307-F251EC0BBF3C}.Release|x64.ActiveCfg = Release|Any CPU
		{76F4A57C-7983-40E6-8307-F251EC0BBF3C}.Release|x64.Build.0 = Release|Any CPU
		{8AD6365F-9913-467C-BAC4-AE3F7B8CC0CF}.Debug|Any CPU.ActiveCfg = Debug|Any CPU
		{8AD6365F-9913-467C-BAC4-AE3F7B8CC0CF}.Debug|Any CPU.Build.0 = Debug|Any CPU
		{8AD6365F-9913-467C-BAC4-AE3F7B8CC0CF}.Debug|x64.ActiveCfg = Debug|Any CPU
		{8AD6365F-9913-467C-BAC4-AE3F7B8CC0CF}.Debug|x64.Build.0 = Debug|Any CPU
		{8AD6365F-9913-467C-BAC4-AE3F7B8CC0CF}.Release|Any CPU.ActiveCfg = Release|Any CPU
		{8AD6365F-9913-467C-BAC4-AE3F7B8CC0CF}.Release|Any CPU.Build.0 = Release|Any CPU
		{8AD6365F-9913-467C-BAC4-AE3F7B8CC0CF}.Release|x64.ActiveCfg = Release|Any CPU
		{8AD6365F-9913-467C-BAC4-AE3F7B8CC0CF}.Release|x64.Build.0 = Release|Any CPU
		{6DC3B3C3-AE37-4088-9ADC-BF7B86771FC2}.Debug|Any CPU.ActiveCfg = Debug|Any CPU
		{6DC3B3C3-AE37-4088-9ADC-BF7B86771FC2}.Debug|Any CPU.Build.0 = Debug|Any CPU
		{6DC3B3C3-AE37-4088-9ADC-BF7B86771FC2}.Debug|x64.ActiveCfg = Debug|Any CPU
		{6DC3B3C3-AE37-4088-9ADC-BF7B86771FC2}.Debug|x64.Build.0 = Debug|Any CPU
		{6DC3B3C3-AE37-4088-9ADC-BF7B86771FC2}.Release|Any CPU.ActiveCfg = Release|Any CPU
		{6DC3B3C3-AE37-4088-9ADC-BF7B86771FC2}.Release|Any CPU.Build.0 = Release|Any CPU
		{6DC3B3C3-AE37-4088-9ADC-BF7B86771FC2}.Release|x64.ActiveCfg = Release|Any CPU
		{6DC3B3C3-AE37-4088-9ADC-BF7B86771FC2}.Release|x64.Build.0 = Release|Any CPU
		{752A076A-5F37-414E-8FA1-33C1DF620F59}.Debug|Any CPU.ActiveCfg = Debug|Any CPU
		{752A076A-5F37-414E-8FA1-33C1DF620F59}.Debug|Any CPU.Build.0 = Debug|Any CPU
		{752A076A-5F37-414E-8FA1-33C1DF620F59}.Debug|x64.ActiveCfg = Debug|Any CPU
		{752A076A-5F37-414E-8FA1-33C1DF620F59}.Debug|x64.Build.0 = Debug|Any CPU
		{752A076A-5F37-414E-8FA1-33C1DF620F59}.Release|Any CPU.ActiveCfg = Release|Any CPU
		{752A076A-5F37-414E-8FA1-33C1DF620F59}.Release|Any CPU.Build.0 = Release|Any CPU
		{752A076A-5F37-414E-8FA1-33C1DF620F59}.Release|x64.ActiveCfg = Release|Any CPU
		{752A076A-5F37-414E-8FA1-33C1DF620F59}.Release|x64.Build.0 = Release|Any CPU
		{058754F7-2B33-447F-B255-CA690C8CF264}.Debug|Any CPU.ActiveCfg = Debug|Any CPU
		{058754F7-2B33-447F-B255-CA690C8CF264}.Debug|Any CPU.Build.0 = Debug|Any CPU
		{058754F7-2B33-447F-B255-CA690C8CF264}.Debug|x64.ActiveCfg = Debug|Any CPU
		{058754F7-2B33-447F-B255-CA690C8CF264}.Debug|x64.Build.0 = Debug|Any CPU
		{058754F7-2B33-447F-B255-CA690C8CF264}.Release|Any CPU.ActiveCfg = Release|Any CPU
		{058754F7-2B33-447F-B255-CA690C8CF264}.Release|Any CPU.Build.0 = Release|Any CPU
		{058754F7-2B33-447F-B255-CA690C8CF264}.Release|x64.ActiveCfg = Release|Any CPU
		{058754F7-2B33-447F-B255-CA690C8CF264}.Release|x64.Build.0 = Release|Any CPU
		{C5873FF9-3A18-4659-906F-268BFA1F0DF6}.Debug|Any CPU.ActiveCfg = Debug|Any CPU
		{C5873FF9-3A18-4659-906F-268BFA1F0DF6}.Debug|Any CPU.Build.0 = Debug|Any CPU
		{C5873FF9-3A18-4659-906F-268BFA1F0DF6}.Debug|x64.ActiveCfg = Debug|Any CPU
		{C5873FF9-3A18-4659-906F-268BFA1F0DF6}.Debug|x64.Build.0 = Debug|Any CPU
		{C5873FF9-3A18-4659-906F-268BFA1F0DF6}.Release|Any CPU.ActiveCfg = Release|Any CPU
		{C5873FF9-3A18-4659-906F-268BFA1F0DF6}.Release|Any CPU.Build.0 = Release|Any CPU
		{C5873FF9-3A18-4659-906F-268BFA1F0DF6}.Release|x64.ActiveCfg = Release|Any CPU
		{C5873FF9-3A18-4659-906F-268BFA1F0DF6}.Release|x64.Build.0 = Release|Any CPU
		{5E7AD09A-5C07-43B7-84D0-14347F9DDAB7}.Debug|Any CPU.ActiveCfg = Debug|Any CPU
		{5E7AD09A-5C07-43B7-84D0-14347F9DDAB7}.Debug|Any CPU.Build.0 = Debug|Any CPU
		{5E7AD09A-5C07-43B7-84D0-14347F9DDAB7}.Debug|x64.ActiveCfg = Debug|Any CPU
		{5E7AD09A-5C07-43B7-84D0-14347F9DDAB7}.Debug|x64.Build.0 = Debug|Any CPU
		{5E7AD09A-5C07-43B7-84D0-14347F9DDAB7}.Release|Any CPU.ActiveCfg = Release|Any CPU
		{5E7AD09A-5C07-43B7-84D0-14347F9DDAB7}.Release|Any CPU.Build.0 = Release|Any CPU
		{5E7AD09A-5C07-43B7-84D0-14347F9DDAB7}.Release|x64.ActiveCfg = Release|Any CPU
		{5E7AD09A-5C07-43B7-84D0-14347F9DDAB7}.Release|x64.Build.0 = Release|Any CPU
		{CDAF8E4A-5443-4166-977A-E02864923A0B}.Debug|Any CPU.ActiveCfg = Debug|Any CPU
		{CDAF8E4A-5443-4166-977A-E02864923A0B}.Debug|Any CPU.Build.0 = Debug|Any CPU
		{CDAF8E4A-5443-4166-977A-E02864923A0B}.Debug|x64.ActiveCfg = Debug|Any CPU
		{CDAF8E4A-5443-4166-977A-E02864923A0B}.Debug|x64.Build.0 = Debug|Any CPU
		{CDAF8E4A-5443-4166-977A-E02864923A0B}.Release|Any CPU.ActiveCfg = Release|Any CPU
		{CDAF8E4A-5443-4166-977A-E02864923A0B}.Release|Any CPU.Build.0 = Release|Any CPU
		{CDAF8E4A-5443-4166-977A-E02864923A0B}.Release|x64.ActiveCfg = Release|Any CPU
		{CDAF8E4A-5443-4166-977A-E02864923A0B}.Release|x64.Build.0 = Release|Any CPU
		{6623E8E3-2DFA-4169-B386-4961148FB4F2}.Debug|Any CPU.ActiveCfg = Debug|Any CPU
		{6623E8E3-2DFA-4169-B386-4961148FB4F2}.Debug|Any CPU.Build.0 = Debug|Any CPU
		{6623E8E3-2DFA-4169-B386-4961148FB4F2}.Debug|x64.ActiveCfg = Debug|Any CPU
		{6623E8E3-2DFA-4169-B386-4961148FB4F2}.Debug|x64.Build.0 = Debug|Any CPU
		{6623E8E3-2DFA-4169-B386-4961148FB4F2}.Release|Any CPU.ActiveCfg = Release|Any CPU
		{6623E8E3-2DFA-4169-B386-4961148FB4F2}.Release|Any CPU.Build.0 = Release|Any CPU
		{6623E8E3-2DFA-4169-B386-4961148FB4F2}.Release|x64.ActiveCfg = Release|Any CPU
		{6623E8E3-2DFA-4169-B386-4961148FB4F2}.Release|x64.Build.0 = Release|Any CPU
		{341232F7-1FC2-41E5-9BA6-113E2143CEB4}.Debug|Any CPU.ActiveCfg = Debug|Any CPU
		{341232F7-1FC2-41E5-9BA6-113E2143CEB4}.Debug|Any CPU.Build.0 = Debug|Any CPU
		{341232F7-1FC2-41E5-9BA6-113E2143CEB4}.Debug|x64.ActiveCfg = Debug|Any CPU
		{341232F7-1FC2-41E5-9BA6-113E2143CEB4}.Debug|x64.Build.0 = Debug|Any CPU
		{341232F7-1FC2-41E5-9BA6-113E2143CEB4}.Release|Any CPU.ActiveCfg = Release|Any CPU
		{341232F7-1FC2-41E5-9BA6-113E2143CEB4}.Release|Any CPU.Build.0 = Release|Any CPU
		{341232F7-1FC2-41E5-9BA6-113E2143CEB4}.Release|x64.ActiveCfg = Release|Any CPU
		{341232F7-1FC2-41E5-9BA6-113E2143CEB4}.Release|x64.Build.0 = Release|Any CPU
		{534775EE-85C2-4272-B7F3-45AF495B6789}.Debug|Any CPU.ActiveCfg = Debug|Any CPU
		{534775EE-85C2-4272-B7F3-45AF495B6789}.Debug|Any CPU.Build.0 = Debug|Any CPU
		{534775EE-85C2-4272-B7F3-45AF495B6789}.Debug|x64.ActiveCfg = Debug|Any CPU
		{534775EE-85C2-4272-B7F3-45AF495B6789}.Debug|x64.Build.0 = Debug|Any CPU
		{534775EE-85C2-4272-B7F3-45AF495B6789}.Release|Any CPU.ActiveCfg = Release|Any CPU
		{534775EE-85C2-4272-B7F3-45AF495B6789}.Release|Any CPU.Build.0 = Release|Any CPU
		{534775EE-85C2-4272-B7F3-45AF495B6789}.Release|x64.ActiveCfg = Release|Any CPU
		{534775EE-85C2-4272-B7F3-45AF495B6789}.Release|x64.Build.0 = Release|Any CPU
		{CC1E0CBA-353B-46DC-996F-9DC9DA0D25ED}.Debug|Any CPU.ActiveCfg = Debug|Any CPU
		{CC1E0CBA-353B-46DC-996F-9DC9DA0D25ED}.Debug|Any CPU.Build.0 = Debug|Any CPU
		{CC1E0CBA-353B-46DC-996F-9DC9DA0D25ED}.Debug|x64.ActiveCfg = Debug|Any CPU
		{CC1E0CBA-353B-46DC-996F-9DC9DA0D25ED}.Debug|x64.Build.0 = Debug|Any CPU
		{CC1E0CBA-353B-46DC-996F-9DC9DA0D25ED}.Release|Any CPU.ActiveCfg = Release|Any CPU
		{CC1E0CBA-353B-46DC-996F-9DC9DA0D25ED}.Release|Any CPU.Build.0 = Release|Any CPU
		{CC1E0CBA-353B-46DC-996F-9DC9DA0D25ED}.Release|x64.ActiveCfg = Release|Any CPU
		{CC1E0CBA-353B-46DC-996F-9DC9DA0D25ED}.Release|x64.Build.0 = Release|Any CPU
		{36C2D024-7DAC-47B3-AD28-5B37FCD3BA1C}.Debug|Any CPU.ActiveCfg = Debug|Any CPU
		{36C2D024-7DAC-47B3-AD28-5B37FCD3BA1C}.Debug|Any CPU.Build.0 = Debug|Any CPU
		{36C2D024-7DAC-47B3-AD28-5B37FCD3BA1C}.Debug|x64.ActiveCfg = Debug|Any CPU
		{36C2D024-7DAC-47B3-AD28-5B37FCD3BA1C}.Debug|x64.Build.0 = Debug|Any CPU
		{36C2D024-7DAC-47B3-AD28-5B37FCD3BA1C}.Release|Any CPU.ActiveCfg = Release|Any CPU
		{36C2D024-7DAC-47B3-AD28-5B37FCD3BA1C}.Release|Any CPU.Build.0 = Release|Any CPU
		{36C2D024-7DAC-47B3-AD28-5B37FCD3BA1C}.Release|x64.ActiveCfg = Release|Any CPU
		{36C2D024-7DAC-47B3-AD28-5B37FCD3BA1C}.Release|x64.Build.0 = Release|Any CPU
		{178095DB-4A8A-4A71-A300-E06EA864F0EA}.Debug|Any CPU.ActiveCfg = Debug|Any CPU
		{178095DB-4A8A-4A71-A300-E06EA864F0EA}.Debug|Any CPU.Build.0 = Debug|Any CPU
		{178095DB-4A8A-4A71-A300-E06EA864F0EA}.Debug|x64.ActiveCfg = Debug|Any CPU
		{178095DB-4A8A-4A71-A300-E06EA864F0EA}.Debug|x64.Build.0 = Debug|Any CPU
		{178095DB-4A8A-4A71-A300-E06EA864F0EA}.Release|Any CPU.ActiveCfg = Release|Any CPU
		{178095DB-4A8A-4A71-A300-E06EA864F0EA}.Release|Any CPU.Build.0 = Release|Any CPU
		{178095DB-4A8A-4A71-A300-E06EA864F0EA}.Release|x64.ActiveCfg = Release|Any CPU
		{178095DB-4A8A-4A71-A300-E06EA864F0EA}.Release|x64.Build.0 = Release|Any CPU
		{84452B8C-D819-4A3C-AA43-DF18798DD61B}.Debug|Any CPU.ActiveCfg = Debug|Any CPU
		{84452B8C-D819-4A3C-AA43-DF18798DD61B}.Debug|Any CPU.Build.0 = Debug|Any CPU
		{84452B8C-D819-4A3C-AA43-DF18798DD61B}.Debug|x64.ActiveCfg = Debug|Any CPU
		{84452B8C-D819-4A3C-AA43-DF18798DD61B}.Debug|x64.Build.0 = Debug|Any CPU
		{84452B8C-D819-4A3C-AA43-DF18798DD61B}.Release|Any CPU.ActiveCfg = Release|Any CPU
		{84452B8C-D819-4A3C-AA43-DF18798DD61B}.Release|Any CPU.Build.0 = Release|Any CPU
		{84452B8C-D819-4A3C-AA43-DF18798DD61B}.Release|x64.ActiveCfg = Release|Any CPU
		{84452B8C-D819-4A3C-AA43-DF18798DD61B}.Release|x64.Build.0 = Release|Any CPU
		{ED96E1E1-B21F-4D66-8008-9326646E6B55}.Debug|Any CPU.ActiveCfg = Debug|Any CPU
		{ED96E1E1-B21F-4D66-8008-9326646E6B55}.Debug|Any CPU.Build.0 = Debug|Any CPU
		{ED96E1E1-B21F-4D66-8008-9326646E6B55}.Debug|x64.ActiveCfg = Debug|Any CPU
		{ED96E1E1-B21F-4D66-8008-9326646E6B55}.Debug|x64.Build.0 = Debug|Any CPU
		{ED96E1E1-B21F-4D66-8008-9326646E6B55}.Release|Any CPU.ActiveCfg = Release|Any CPU
		{ED96E1E1-B21F-4D66-8008-9326646E6B55}.Release|Any CPU.Build.0 = Release|Any CPU
		{ED96E1E1-B21F-4D66-8008-9326646E6B55}.Release|x64.ActiveCfg = Release|Any CPU
		{ED96E1E1-B21F-4D66-8008-9326646E6B55}.Release|x64.Build.0 = Release|Any CPU
		{3D6610C9-A7CC-4D9D-B8FD-06BACF4CE7FB}.Debug|Any CPU.ActiveCfg = Debug|Any CPU
		{3D6610C9-A7CC-4D9D-B8FD-06BACF4CE7FB}.Debug|Any CPU.Build.0 = Debug|Any CPU
		{3D6610C9-A7CC-4D9D-B8FD-06BACF4CE7FB}.Debug|x64.ActiveCfg = Debug|Any CPU
		{3D6610C9-A7CC-4D9D-B8FD-06BACF4CE7FB}.Debug|x64.Build.0 = Debug|Any CPU
		{3D6610C9-A7CC-4D9D-B8FD-06BACF4CE7FB}.Release|Any CPU.ActiveCfg = Release|Any CPU
		{3D6610C9-A7CC-4D9D-B8FD-06BACF4CE7FB}.Release|Any CPU.Build.0 = Release|Any CPU
		{3D6610C9-A7CC-4D9D-B8FD-06BACF4CE7FB}.Release|x64.ActiveCfg = Release|Any CPU
		{3D6610C9-A7CC-4D9D-B8FD-06BACF4CE7FB}.Release|x64.Build.0 = Release|Any CPU
	EndGlobalSection
	GlobalSection(SolutionProperties) = preSolution
		HideSolutionNode = FALSE
	EndGlobalSection
	GlobalSection(NestedProjects) = preSolution
		{E3312B36-8585-4097-A8A4-7C3606730E87} = {0FFA10CA-4DF2-4C48-9E7B-C81E66F6EF3B}
		{134585FE-954C-44A1-96CC-739E528E788D} = {0FFA10CA-4DF2-4C48-9E7B-C81E66F6EF3B}
		{76F4A57C-7983-40E6-8307-F251EC0BBF3C} = {0FFA10CA-4DF2-4C48-9E7B-C81E66F6EF3B}
		{8AD6365F-9913-467C-BAC4-AE3F7B8CC0CF} = {0FFA10CA-4DF2-4C48-9E7B-C81E66F6EF3B}
		{6DC3B3C3-AE37-4088-9ADC-BF7B86771FC2} = {43377E56-9E7A-4ECD-BD27-44B9F85E01AE}
		{752A076A-5F37-414E-8FA1-33C1DF620F59} = {43377E56-9E7A-4ECD-BD27-44B9F85E01AE}
		{058754F7-2B33-447F-B255-CA690C8CF264} = {43377E56-9E7A-4ECD-BD27-44B9F85E01AE}
		{C5873FF9-3A18-4659-906F-268BFA1F0DF6} = {43377E56-9E7A-4ECD-BD27-44B9F85E01AE}
		{5E7AD09A-5C07-43B7-84D0-14347F9DDAB7} = {43377E56-9E7A-4ECD-BD27-44B9F85E01AE}
		{CDAF8E4A-5443-4166-977A-E02864923A0B} = {43377E56-9E7A-4ECD-BD27-44B9F85E01AE}
		{6623E8E3-2DFA-4169-B386-4961148FB4F2} = {43377E56-9E7A-4ECD-BD27-44B9F85E01AE}
		{341232F7-1FC2-41E5-9BA6-113E2143CEB4} = {43377E56-9E7A-4ECD-BD27-44B9F85E01AE}
		{534775EE-85C2-4272-B7F3-45AF495B6789} = {43377E56-9E7A-4ECD-BD27-44B9F85E01AE}
		{CC1E0CBA-353B-46DC-996F-9DC9DA0D25ED} = {43377E56-9E7A-4ECD-BD27-44B9F85E01AE}
		{36C2D024-7DAC-47B3-AD28-5B37FCD3BA1C} = {43377E56-9E7A-4ECD-BD27-44B9F85E01AE}
		{178095DB-4A8A-4A71-A300-E06EA864F0EA} = {56281A5D-B334-49CF-B649-A0DEB9598D07}
		{84452B8C-D819-4A3C-AA43-DF18798DD61B} = {43377E56-9E7A-4ECD-BD27-44B9F85E01AE}
		{ED96E1E1-B21F-4D66-8008-9326646E6B55} = {0FFA10CA-4DF2-4C48-9E7B-C81E66F6EF3B}
		{3D6610C9-A7CC-4D9D-B8FD-06BACF4CE7FB} = {56281A5D-B334-49CF-B649-A0DEB9598D07}
	EndGlobalSection
	GlobalSection(ExtensibilityGlobals) = postSolution
		SolutionGuid = {35ACDF4E-2CE2-46B1-A19F-35DC131069A1}
	EndGlobalSection
	GlobalSection(MonoDevelopProperties) = preSolution
		StartupItem = Myra.UIEditor\Myra.UIEditor.csproj
	EndGlobalSection
EndGlobal
