
Microsoft Visual Studio Solution File, Format Version 12.00
# Visual Studio Version 17
VisualStudioVersion = 17.1.32328.378
MinimumVisualStudioVersion = 10.0.40219.1
Project("{9A19103F-16F7-4668-BE54-9A1E7A4F7556}") = "FNA.Core", "..\FNA\FNA.Core.csproj", "{E3312B36-8585-4097-A8A4-7C3606730E87}"
EndProject
Project("{9A19103F-16F7-4668-BE54-9A1E7A4F7556}") = "FontStashSharp.FNA.Core", "..\FontStashSharp\src\XNA\FontStashSharp.FNA.Core.csproj", "{134585FE-954C-44A1-96CC-739E528E788D}"
EndProject
Project("{9A19103F-16F7-4668-BE54-9A1E7A4F7556}") = "XNAssets.FNA.Core", "..\XNAssets\src\XNAssets.FNA.Core.csproj", "{76F4A57C-7983-40E6-8307-F251EC0BBF3C}"
EndProject
Project("{2150E333-8FDC-42A3-9474-1A3956D46DE8}") = "Samples", "Samples", "{AEB1FB44-35B4-47AB-9038-8D060D4D42C9}"
EndProject
Project("{9A19103F-16F7-4668-BE54-9A1E7A4F7556}") = "DdsKtxXna.FNA.Core", "..\DdsKtxXna\DdsKtxXna\DdsKtxXna.FNA.Core.csproj", "{8AD6365F-9913-467C-BAC4-AE3F7B8CC0CF}"
EndProject
Project("{2150E333-8FDC-42A3-9474-1A3956D46DE8}") = "Tests", "Tests", "{9E6E150B-162E-4D9A-8782-9BAFA9DE73FB}"
EndProject
Project("{9A19103F-16F7-4668-BE54-9A1E7A4F7556}") = "DigitalRune.Tests", "Source\DigitalRune.Tests\DigitalRune.Tests.csproj", "{B3A49B83-8311-4744-B37B-F0A89E97E40D}"
EndProject
Project("{9A19103F-16F7-4668-BE54-9A1E7A4F7556}") = "DigitalRune", "Source\DigitalRune\DigitalRune.csproj", "{3555D3AC-F13A-4743-83DD-F16FC2BF2BE3}"
EndProject
Project("{2150E333-8FDC-42A3-9474-1A3956D46DE8}") = "ThirdParty", "ThirdParty", "{0FFA10CA-4DF2-4C48-9E7B-C81E66F6EF3B}"
EndProject
Project("{2150E333-8FDC-42A3-9474-1A3956D46DE8}") = "Source", "Source", "{43377E56-9E7A-4ECD-BD27-44B9F85E01AE}"
EndProject
Project("{9A19103F-16F7-4668-BE54-9A1E7A4F7556}") = "DigitalRune.ServiceLocation", "Source\DigitalRune.ServiceLocation\DigitalRune.ServiceLocation.csproj", "{C12654BD-DA50-409E-B8CF-07E2C4FD24F5}"
EndProject
Project("{9A19103F-16F7-4668-BE54-9A1E7A4F7556}") = "NUnit.Utils", "Source\NUnit.Utils\NUnit.Utils.csproj", "{70FD693A-9F7D-46F6-9B93-4CF5C76DEB15}"
EndProject
Project("{9A19103F-16F7-4668-BE54-9A1E7A4F7556}") = "DigitalRune.Game", "Source\DigitalRune.Game\DigitalRune.Game.csproj", "{49AF88B6-40FA-49B3-81FD-C4FDC79D32C7}"
EndProject
Project("{9A19103F-16F7-4668-BE54-9A1E7A4F7556}") = "DigitalRune.Game.Tests", "Source\DigitalRune.Game.Tests\DigitalRune.Game.Tests.csproj", "{E89A594C-FD7E-47D4-BA79-2BABB86BEA32}"
EndProject
Project("{9A19103F-16F7-4668-BE54-9A1E7A4F7556}") = "DigitalRune.CommandLine", "Source\DigitalRune.CommandLine\DigitalRune.CommandLine.csproj", "{6DC3B3C3-AE37-4088-9ADC-BF7B86771FC2}"
EndProject
Project("{9A19103F-16F7-4668-BE54-9A1E7A4F7556}") = "DigitalRune.CommandLine.Tests", "Source\DigitalRune.CommandLine.Tests\DigitalRune.CommandLine.Tests.csproj", "{B0710AC1-C197-46CB-9F0A-0A2017FB367C}"
EndProject
Global
	GlobalSection(SolutionConfigurationPlatforms) = preSolution
		Debug|Any CPU = Debug|Any CPU
		Debug|x64 = Debug|x64
		Release|Any CPU = Release|Any CPU
		Release|x64 = Release|x64
	EndGlobalSection
	GlobalSection(ProjectConfigurationPlatforms) = postSolution
		{E3312B36-8585-4097-A8A4-7C3606730E87}.Debug|Any CPU.ActiveCfg = Debug|x64
		{E3312B36-8585-4097-A8A4-7C3606730E87}.Debug|Any CPU.Build.0 = Debug|x64
		{E3312B36-8585-4097-A8A4-7C3606730E87}.Debug|x64.ActiveCfg = Debug|x64
		{E3312B36-8585-4097-A8A4-7C3606730E87}.Debug|x64.Build.0 = Debug|x64
		{E3312B36-8585-4097-A8A4-7C3606730E87}.Release|Any CPU.ActiveCfg = Release|x64
		{E3312B36-8585-4097-A8A4-7C3606730E87}.Release|Any CPU.Build.0 = Release|x64
		{E3312B36-8585-4097-A8A4-7C3606730E87}.Release|x64.ActiveCfg = Release|x64
		{E3312B36-8585-4097-A8A4-7C3606730E87}.Release|x64.Build.0 = Release|x64
		{134585FE-954C-44A1-96CC-739E528E788D}.Debug|Any CPU.ActiveCfg = Debug|Any CPU
		{134585FE-954C-44A1-96CC-739E528E788D}.Debug|Any CPU.Build.0 = Debug|Any CPU
		{134585FE-954C-44A1-96CC-739E528E788D}.Debug|x64.ActiveCfg = Debug|Any CPU
		{134585FE-954C-44A1-96CC-739E528E788D}.Debug|x64.Build.0 = Debug|Any CPU
		{134585FE-954C-44A1-96CC-739E528E788D}.Release|Any CPU.ActiveCfg = Release|Any CPU
		{134585FE-954C-44A1-96CC-739E528E788D}.Release|Any CPU.Build.0 = Release|Any CPU
		{134585FE-954C-44A1-96CC-739E528E788D}.Release|x64.ActiveCfg = Release|Any CPU
		{134585FE-954C-44A1-96CC-739E528E788D}.Release|x64.Build.0 = Release|Any CPU
		{76F4A57C-7983-40E6-8307-F251EC0BBF3C}.Debug|Any CPU.ActiveCfg = Debug|Any CPU
		{76F4A57C-7983-40E6-8307-F251EC0BBF3C}.Debug|Any CPU.Build.0 = Debug|Any CPU
		{76F4A57C-7983-40E6-8307-F251EC0BBF3C}.Debug|x64.ActiveCfg = Debug|Any CPU
		{76F4A57C-7983-40E6-8307-F251EC0BBF3C}.Debug|x64.Build.0 = Debug|Any CPU
		{76F4A57C-7983-40E6-8307-F251EC0BBF3C}.Release|Any CPU.ActiveCfg = Release|Any CPU
		{76F4A57C-7983-40E6-8307-F251EC0BBF3C}.Release|Any CPU.Build.0 = Release|Any CPU
		{76F4A57C-7983-40E6-8307-F251EC0BBF3C}.Release|x64.ActiveCfg = Release|Any CPU
		{76F4A57C-7983-40E6-8307-F251EC0BBF3C}.Release|x64.Build.0 = Release|Any CPU
		{8AD6365F-9913-467C-BAC4-AE3F7B8CC0CF}.Debug|Any CPU.ActiveCfg = Debug|Any CPU
		{8AD6365F-9913-467C-BAC4-AE3F7B8CC0CF}.Debug|Any CPU.Build.0 = Debug|Any CPU
		{8AD6365F-9913-467C-BAC4-AE3F7B8CC0CF}.Debug|x64.ActiveCfg = Debug|Any CPU
		{8AD6365F-9913-467C-BAC4-AE3F7B8CC0CF}.Debug|x64.Build.0 = Debug|Any CPU
		{8AD6365F-9913-467C-BAC4-AE3F7B8CC0CF}.Release|Any CPU.ActiveCfg = Release|Any CPU
		{8AD6365F-9913-467C-BAC4-AE3F7B8CC0CF}.Release|Any CPU.Build.0 = Release|Any CPU
		{8AD6365F-9913-467C-BAC4-AE3F7B8CC0CF}.Release|x64.ActiveCfg = Release|Any CPU
		{8AD6365F-9913-467C-BAC4-AE3F7B8CC0CF}.Release|x64.Build.0 = Release|Any CPU
		{B3A49B83-8311-4744-B37B-F0A89E97E40D}.Debug|Any CPU.ActiveCfg = Debug|Any CPU
		{B3A49B83-8311-4744-B37B-F0A89E97E40D}.Debug|Any CPU.Build.0 = Debug|Any CPU
		{B3A49B83-8311-4744-B37B-F0A89E97E40D}.Debug|x64.ActiveCfg = Debug|Any CPU
		{B3A49B83-8311-4744-B37B-F0A89E97E40D}.Debug|x64.Build.0 = Debug|Any CPU
		{B3A49B83-8311-4744-B37B-F0A89E97E40D}.Release|Any CPU.ActiveCfg = Release|Any CPU
		{B3A49B83-8311-4744-B37B-F0A89E97E40D}.Release|Any CPU.Build.0 = Release|Any CPU
		{B3A49B83-8311-4744-B37B-F0A89E97E40D}.Release|x64.ActiveCfg = Release|Any CPU
		{B3A49B83-8311-4744-B37B-F0A89E97E40D}.Release|x64.Build.0 = Release|Any CPU
		{3555D3AC-F13A-4743-83DD-F16FC2BF2BE3}.Debug|Any CPU.ActiveCfg = Debug|Any CPU
		{3555D3AC-F13A-4743-83DD-F16FC2BF2BE3}.Debug|Any CPU.Build.0 = Debug|Any CPU
		{3555D3AC-F13A-4743-83DD-F16FC2BF2BE3}.Debug|x64.ActiveCfg = Debug|Any CPU
		{3555D3AC-F13A-4743-83DD-F16FC2BF2BE3}.Debug|x64.Build.0 = Debug|Any CPU
		{3555D3AC-F13A-4743-83DD-F16FC2BF2BE3}.Release|Any CPU.ActiveCfg = Release|Any CPU
		{3555D3AC-F13A-4743-83DD-F16FC2BF2BE3}.Release|Any CPU.Build.0 = Release|Any CPU
		{3555D3AC-F13A-4743-83DD-F16FC2BF2BE3}.Release|x64.ActiveCfg = Release|Any CPU
		{3555D3AC-F13A-4743-83DD-F16FC2BF2BE3}.Release|x64.Build.0 = Release|Any CPU
		{C12654BD-DA50-409E-B8CF-07E2C4FD24F5}.Debug|Any CPU.ActiveCfg = Debug|Any CPU
		{C12654BD-DA50-409E-B8CF-07E2C4FD24F5}.Debug|Any CPU.Build.0 = Debug|Any CPU
		{C12654BD-DA50-409E-B8CF-07E2C4FD24F5}.Debug|x64.ActiveCfg = Debug|Any CPU
		{C12654BD-DA50-409E-B8CF-07E2C4FD24F5}.Debug|x64.Build.0 = Debug|Any CPU
		{C12654BD-DA50-409E-B8CF-07E2C4FD24F5}.Release|Any CPU.ActiveCfg = Release|Any CPU
		{C12654BD-DA50-409E-B8CF-07E2C4FD24F5}.Release|Any CPU.Build.0 = Release|Any CPU
		{C12654BD-DA50-409E-B8CF-07E2C4FD24F5}.Release|x64.ActiveCfg = Release|Any CPU
		{C12654BD-DA50-409E-B8CF-07E2C4FD24F5}.Release|x64.Build.0 = Release|Any CPU
		{70FD693A-9F7D-46F6-9B93-4CF5C76DEB15}.Debug|Any CPU.ActiveCfg = Debug|Any CPU
		{70FD693A-9F7D-46F6-9B93-4CF5C76DEB15}.Debug|Any CPU.Build.0 = Debug|Any CPU
		{70FD693A-9F7D-46F6-9B93-4CF5C76DEB15}.Debug|x64.ActiveCfg = Debug|Any CPU
		{70FD693A-9F7D-46F6-9B93-4CF5C76DEB15}.Debug|x64.Build.0 = Debug|Any CPU
		{70FD693A-9F7D-46F6-9B93-4CF5C76DEB15}.Release|Any CPU.ActiveCfg = Release|Any CPU
		{70FD693A-9F7D-46F6-9B93-4CF5C76DEB15}.Release|Any CPU.Build.0 = Release|Any CPU
		{70FD693A-9F7D-46F6-9B93-4CF5C76DEB15}.Release|x64.ActiveCfg = Release|Any CPU
		{70FD693A-9F7D-46F6-9B93-4CF5C76DEB15}.Release|x64.Build.0 = Release|Any CPU
		{49AF88B6-40FA-49B3-81FD-C4FDC79D32C7}.Debug|Any CPU.ActiveCfg = Debug|Any CPU
		{49AF88B6-40FA-49B3-81FD-C4FDC79D32C7}.Debug|Any CPU.Build.0 = Debug|Any CPU
		{49AF88B6-40FA-49B3-81FD-C4FDC79D32C7}.Debug|x64.ActiveCfg = Debug|Any CPU
		{49AF88B6-40FA-49B3-81FD-C4FDC79D32C7}.Debug|x64.Build.0 = Debug|Any CPU
		{49AF88B6-40FA-49B3-81FD-C4FDC79D32C7}.Release|Any CPU.ActiveCfg = Release|Any CPU
		{49AF88B6-40FA-49B3-81FD-C4FDC79D32C7}.Release|Any CPU.Build.0 = Release|Any CPU
		{49AF88B6-40FA-49B3-81FD-C4FDC79D32C7}.Release|x64.ActiveCfg = Release|Any CPU
		{49AF88B6-40FA-49B3-81FD-C4FDC79D32C7}.Release|x64.Build.0 = Release|Any CPU
		{E89A594C-FD7E-47D4-BA79-2BABB86BEA32}.Debug|Any CPU.ActiveCfg = Debug|Any CPU
		{E89A594C-FD7E-47D4-BA79-2BABB86BEA32}.Debug|Any CPU.Build.0 = Debug|Any CPU
		{E89A594C-FD7E-47D4-BA79-2BABB86BEA32}.Debug|x64.ActiveCfg = Debug|Any CPU
		{E89A594C-FD7E-47D4-BA79-2BABB86BEA32}.Debug|x64.Build.0 = Debug|Any CPU
		{E89A594C-FD7E-47D4-BA79-2BABB86BEA32}.Release|Any CPU.ActiveCfg = Release|Any CPU
		{E89A594C-FD7E-47D4-BA79-2BABB86BEA32}.Release|Any CPU.Build.0 = Release|Any CPU
		{E89A594C-FD7E-47D4-BA79-2BABB86BEA32}.Release|x64.ActiveCfg = Release|Any CPU
		{E89A594C-FD7E-47D4-BA79-2BABB86BEA32}.Release|x64.Build.0 = Release|Any CPU
		{6DC3B3C3-AE37-4088-9ADC-BF7B86771FC2}.Debug|Any CPU.ActiveCfg = Debug|Any CPU
		{6DC3B3C3-AE37-4088-9ADC-BF7B86771FC2}.Debug|Any CPU.Build.0 = Debug|Any CPU
		{6DC3B3C3-AE37-4088-9ADC-BF7B86771FC2}.Debug|x64.ActiveCfg = Debug|Any CPU
		{6DC3B3C3-AE37-4088-9ADC-BF7B86771FC2}.Debug|x64.Build.0 = Debug|Any CPU
		{6DC3B3C3-AE37-4088-9ADC-BF7B86771FC2}.Release|Any CPU.ActiveCfg = Release|Any CPU
		{6DC3B3C3-AE37-4088-9ADC-BF7B86771FC2}.Release|Any CPU.Build.0 = Release|Any CPU
		{6DC3B3C3-AE37-4088-9ADC-BF7B86771FC2}.Release|x64.ActiveCfg = Release|Any CPU
		{6DC3B3C3-AE37-4088-9ADC-BF7B86771FC2}.Release|x64.Build.0 = Release|Any CPU
		{B0710AC1-C197-46CB-9F0A-0A2017FB367C}.Debug|Any CPU.ActiveCfg = Debug|Any CPU
		{B0710AC1-C197-46CB-9F0A-0A2017FB367C}.Debug|Any CPU.Build.0 = Debug|Any CPU
		{B0710AC1-C197-46CB-9F0A-0A2017FB367C}.Debug|x64.ActiveCfg = Debug|Any CPU
		{B0710AC1-C197-46CB-9F0A-0A2017FB367C}.Debug|x64.Build.0 = Debug|Any CPU
		{B0710AC1-C197-46CB-9F0A-0A2017FB367C}.Release|Any CPU.ActiveCfg = Release|Any CPU
		{B0710AC1-C197-46CB-9F0A-0A2017FB367C}.Release|Any CPU.Build.0 = Release|Any CPU
		{B0710AC1-C197-46CB-9F0A-0A2017FB367C}.Release|x64.ActiveCfg = Release|Any CPU
		{B0710AC1-C197-46CB-9F0A-0A2017FB367C}.Release|x64.Build.0 = Release|Any CPU
	EndGlobalSection
	GlobalSection(SolutionProperties) = preSolution
		HideSolutionNode = FALSE
	EndGlobalSection
	GlobalSection(NestedProjects) = preSolution
		{E3312B36-8585-4097-A8A4-7C3606730E87} = {0FFA10CA-4DF2-4C48-9E7B-C81E66F6EF3B}
		{134585FE-954C-44A1-96CC-739E528E788D} = {0FFA10CA-4DF2-4C48-9E7B-C81E66F6EF3B}
		{76F4A57C-7983-40E6-8307-F251EC0BBF3C} = {0FFA10CA-4DF2-4C48-9E7B-C81E66F6EF3B}
		{8AD6365F-9913-467C-BAC4-AE3F7B8CC0CF} = {0FFA10CA-4DF2-4C48-9E7B-C81E66F6EF3B}
		{B3A49B83-8311-4744-B37B-F0A89E97E40D} = {9E6E150B-162E-4D9A-8782-9BAFA9DE73FB}
		{3555D3AC-F13A-4743-83DD-F16FC2BF2BE3} = {43377E56-9E7A-4ECD-BD27-44B9F85E01AE}
		{C12654BD-DA50-409E-B8CF-07E2C4FD24F5} = {43377E56-9E7A-4ECD-BD27-44B9F85E01AE}
		{70FD693A-9F7D-46F6-9B93-4CF5C76DEB15} = {9E6E150B-162E-4D9A-8782-9BAFA9DE73FB}
		{49AF88B6-40FA-49B3-81FD-C4FDC79D32C7} = {43377E56-9E7A-4ECD-BD27-44B9F85E01AE}
		{E89A594C-FD7E-47D4-BA79-2BABB86BEA32} = {9E6E150B-162E-4D9A-8782-9BAFA9DE73FB}
		{6DC3B3C3-AE37-4088-9ADC-BF7B86771FC2} = {43377E56-9E7A-4ECD-BD27-44B9F85E01AE}
		{B0710AC1-C197-46CB-9F0A-0A2017FB367C} = {9E6E150B-162E-4D9A-8782-9BAFA9DE73FB}
	EndGlobalSection
	GlobalSection(ExtensibilityGlobals) = postSolution
		SolutionGuid = {35ACDF4E-2CE2-46B1-A19F-35DC131069A1}
	EndGlobalSection
	GlobalSection(MonoDevelopProperties) = preSolution
		StartupItem = Myra.UIEditor\Myra.UIEditor.csproj
	EndGlobalSection
EndGlobal
