
Microsoft Visual Studio Solution File, Format Version 12.00
# Visual Studio Version 17
VisualStudioVersion = 17.1.32328.378
MinimumVisualStudioVersion = 10.0.40219.1
Project("{2150E333-8FDC-42A3-9474-1A3956D46DE8}") = "Tests", "Tests", "{9E6E150B-162E-4D9A-8782-9BAFA9DE73FB}"
EndProject
Project("{9A19103F-16F7-4668-BE54-9A1E7A4F7556}") = "DigitalRune", "Source\DigitalRune\DigitalRune.csproj", "{3555D3AC-F13A-4743-83DD-F16FC2BF2BE3}"
EndProject
Project("{2150E333-8FDC-42A3-9474-1A3956D46DE8}") = "Source", "Source", "{43377E56-9E7A-4ECD-BD27-44B9F85E01AE}"
EndProject
Project("{9A19103F-16F7-4668-BE54-9A1E7A4F7556}") = "DigitalRune.ServiceLocation", "Source\DigitalRune.ServiceLocation\DigitalRune.ServiceLocation.csproj", "{C12654BD-DA50-409E-B8CF-07E2C4FD24F5}"
EndProject
Project("{9A19103F-16F7-4668-BE54-9A1E7A4F7556}") = "NUnit.Utils", "Source\NUnit.Utils\NUnit.Utils.csproj", "{70FD693A-9F7D-46F6-9B93-4CF5C76DEB15}"
EndProject
Project("{9A19103F-16F7-4668-BE54-9A1E7A4F7556}") = "DigitalRune.Game", "Source\DigitalRune.Game\DigitalRune.Game.csproj", "{49AF88B6-40FA-49B3-81FD-C4FDC79D32C7}"
EndProject
Project("{9A19103F-16F7-4668-BE54-9A1E7A4F7556}") = "DigitalRune.CommandLine", "Source\DigitalRune.CommandLine\DigitalRune.CommandLine.csproj", "{6DC3B3C3-AE37-4088-9ADC-BF7B86771FC2}"
EndProject
Project("{9A19103F-16F7-4668-BE54-9A1E7A4F7556}") = "DigitalRune.Mathematics.MonoGame", "Source\DigitalRune.Mathematics\DigitalRune.Mathematics.MonoGame.csproj", "{4C0A7B03-DAE3-4457-A452-BB9CDB6BAA86}"
EndProject
Project("{9A19103F-16F7-4668-BE54-9A1E7A4F7556}") = "DigitalRune.Geometry.MonoGame", "Source\DigitalRune.Geometry\DigitalRune.Geometry.MonoGame.csproj", "{76B9EAB2-76E6-4D9B-8FC2-94C3DA0C9A80}"
EndProject
Project("{9A19103F-16F7-4668-BE54-9A1E7A4F7556}") = "DigitalRune.Animation.MonoGame", "Source\DigitalRune.Animation\DigitalRune.Animation.MonoGame.csproj", "{CBBF13D9-5DA7-41BF-B183-513E8A31AB3F}"
EndProject
Project("{9A19103F-16F7-4668-BE54-9A1E7A4F7556}") = "DigitalRune.Game.Input.MonoGame", "Source\DigitalRune.Game.Input\DigitalRune.Game.Input.MonoGame.csproj", "{7E3BF4DD-E5D3-46E4-A744-FB85AF075D39}"
EndProject
Project("{9A19103F-16F7-4668-BE54-9A1E7A4F7556}") = "DigitalRune.Game.UI.MonoGame", "Source\DigitalRune.Game.UI\DigitalRune.Game.UI.MonoGame.csproj", "{B8FD8319-630D-4A08-B90C-5E7BF4A76531}"
EndProject
Project("{9A19103F-16F7-4668-BE54-9A1E7A4F7556}") = "DigitalRune.Particles.MonoGame", "Source\DigitalRune.Particles\DigitalRune.Particles.MonoGame.csproj", "{7DC1F2A1-1913-4C68-8FDB-67C4141C3386}"
EndProject
Project("{9A19103F-16F7-4668-BE54-9A1E7A4F7556}") = "DigitalRune.Physics.MonoGame", "Source\DigitalRune.Physics\DigitalRune.Physics.MonoGame.csproj", "{12CD3E2C-A063-42A6-A7B4-D14956478C52}"
EndProject
Project("{9A19103F-16F7-4668-BE54-9A1E7A4F7556}") = "DigitalRune.Physics.Specialized.MonoGame", "Source\DigitalRune.Physics.Specialized\DigitalRune.Physics.Specialized.MonoGame.csproj", "{0383AE2C-07AA-4640-8C67-5084818E57A2}"
EndProject
Project("{9A19103F-16F7-4668-BE54-9A1E7A4F7556}") = "MonoGame.Framework.DesktopGL", "..\MonoGame\MonoGame.Framework\MonoGame.Framework.DesktopGL.csproj", "{471A2687-4109-4FB4-9E93-A143E178E5B9}"
EndProject
Project("{9A19103F-16F7-4668-BE54-9A1E7A4F7556}") = "DigitalRune.Graphics.MonoGame.DirectX", "Source\DigitalRune.Graphics\DigitalRune.Graphics.MonoGame.DirectX.csproj", "{178AC2B0-15A6-44AA-91D7-C9FB23EF4E4A}"
EndProject
Project("{9A19103F-16F7-4668-BE54-9A1E7A4F7556}") = "SampleBrowser.MonoGame.DirectX", "SampleBrowser\SampleBrowser.MonoGame.DirectX.csproj", "{AC428334-931A-49CE-B099-BDE5B7A7B130}"
EndProject
Project("{9A19103F-16F7-4668-BE54-9A1E7A4F7556}") = "MonoGame.Framework.WindowsDX", "..\MonoGame\MonoGame.Framework\MonoGame.Framework.WindowsDX.csproj", "{5565A9A9-5ECB-44A3-A397-9FC25D2B64AB}"
EndProject
Global
	GlobalSection(SolutionConfigurationPlatforms) = preSolution
		Debug|Any CPU = Debug|Any CPU
		Debug|x64 = Debug|x64
		Release|Any CPU = Release|Any CPU
		Release|x64 = Release|x64
	EndGlobalSection
	GlobalSection(ProjectConfigurationPlatforms) = postSolution
		{3555D3AC-F13A-4743-83DD-F16FC2BF2BE3}.Debug|Any CPU.ActiveCfg = Debug|Any CPU
		{3555D3AC-F13A-4743-83DD-F16FC2BF2BE3}.Debug|Any CPU.Build.0 = Debug|Any CPU
		{3555D3AC-F13A-4743-83DD-F16FC2BF2BE3}.Debug|x64.ActiveCfg = Debug|Any CPU
		{3555D3AC-F13A-4743-83DD-F16FC2BF2BE3}.Debug|x64.Build.0 = Debug|Any CPU
		{3555D3AC-F13A-4743-83DD-F16FC2BF2BE3}.Release|Any CPU.ActiveCfg = Release|Any CPU
		{3555D3AC-F13A-4743-83DD-F16FC2BF2BE3}.Release|Any CPU.Build.0 = Release|Any CPU
		{3555D3AC-F13A-4743-83DD-F16FC2BF2BE3}.Release|x64.ActiveCfg = Release|Any CPU
		{3555D3AC-F13A-4743-83DD-F16FC2BF2BE3}.Release|x64.Build.0 = Release|Any CPU
		{C12654BD-DA50-409E-B8CF-07E2C4FD24F5}.Debug|Any CPU.ActiveCfg = Debug|Any CPU
		{C12654BD-DA50-409E-B8CF-07E2C4FD24F5}.Debug|Any CPU.Build.0 = Debug|Any CPU
		{C12654BD-DA50-409E-B8CF-07E2C4FD24F5}.Debug|x64.ActiveCfg = Debug|Any CPU
		{C12654BD-DA50-409E-B8CF-07E2C4FD24F5}.Debug|x64.Build.0 = Debug|Any CPU
		{C12654BD-DA50-409E-B8CF-07E2C4FD24F5}.Release|Any CPU.ActiveCfg = Release|Any CPU
		{C12654BD-DA50-409E-B8CF-07E2C4FD24F5}.Release|Any CPU.Build.0 = Release|Any CPU
		{C12654BD-DA50-409E-B8CF-07E2C4FD24F5}.Release|x64.ActiveCfg = Release|Any CPU
		{C12654BD-DA50-409E-B8CF-07E2C4FD24F5}.Release|x64.Build.0 = Release|Any CPU
		{70FD693A-9F7D-46F6-9B93-4CF5C76DEB15}.Debug|Any CPU.ActiveCfg = Debug|Any CPU
		{70FD693A-9F7D-46F6-9B93-4CF5C76DEB15}.Debug|Any CPU.Build.0 = Debug|Any CPU
		{70FD693A-9F7D-46F6-9B93-4CF5C76DEB15}.Debug|x64.ActiveCfg = Debug|Any CPU
		{70FD693A-9F7D-46F6-9B93-4CF5C76DEB15}.Debug|x64.Build.0 = Debug|Any CPU
		{70FD693A-9F7D-46F6-9B93-4CF5C76DEB15}.Release|Any CPU.ActiveCfg = Release|Any CPU
		{70FD693A-9F7D-46F6-9B93-4CF5C76DEB15}.Release|Any CPU.Build.0 = Release|Any CPU
		{70FD693A-9F7D-46F6-9B93-4CF5C76DEB15}.Release|x64.ActiveCfg = Release|Any CPU
		{70FD693A-9F7D-46F6-9B93-4CF5C76DEB15}.Release|x64.Build.0 = Release|Any CPU
		{49AF88B6-40FA-49B3-81FD-C4FDC79D32C7}.Debug|Any CPU.ActiveCfg = Debug|Any CPU
		{49AF88B6-40FA-49B3-81FD-C4FDC79D32C7}.Debug|Any CPU.Build.0 = Debug|Any CPU
		{49AF88B6-40FA-49B3-81FD-C4FDC79D32C7}.Debug|x64.ActiveCfg = Debug|Any CPU
		{49AF88B6-40FA-49B3-81FD-C4FDC79D32C7}.Debug|x64.Build.0 = Debug|Any CPU
		{49AF88B6-40FA-49B3-81FD-C4FDC79D32C7}.Release|Any CPU.ActiveCfg = Release|Any CPU
		{49AF88B6-40FA-49B3-81FD-C4FDC79D32C7}.Release|Any CPU.Build.0 = Release|Any CPU
		{49AF88B6-40FA-49B3-81FD-C4FDC79D32C7}.Release|x64.ActiveCfg = Release|Any CPU
		{49AF88B6-40FA-49B3-81FD-C4FDC79D32C7}.Release|x64.Build.0 = Release|Any CPU
		{6DC3B3C3-AE37-4088-9ADC-BF7B86771FC2}.Debug|Any CPU.ActiveCfg = Debug|Any CPU
		{6DC3B3C3-AE37-4088-9ADC-BF7B86771FC2}.Debug|Any CPU.Build.0 = Debug|Any CPU
		{6DC3B3C3-AE37-4088-9ADC-BF7B86771FC2}.Debug|x64.ActiveCfg = Debug|Any CPU
		{6DC3B3C3-AE37-4088-9ADC-BF7B86771FC2}.Debug|x64.Build.0 = Debug|Any CPU
		{6DC3B3C3-AE37-4088-9ADC-BF7B86771FC2}.Release|Any CPU.ActiveCfg = Release|Any CPU
		{6DC3B3C3-AE37-4088-9ADC-BF7B86771FC2}.Release|Any CPU.Build.0 = Release|Any CPU
		{6DC3B3C3-AE37-4088-9ADC-BF7B86771FC2}.Release|x64.ActiveCfg = Release|Any CPU
		{6DC3B3C3-AE37-4088-9ADC-BF7B86771FC2}.Release|x64.Build.0 = Release|Any CPU
		{4C0A7B03-DAE3-4457-A452-BB9CDB6BAA86}.Debug|Any CPU.ActiveCfg = Debug|Any CPU
		{4C0A7B03-DAE3-4457-A452-BB9CDB6BAA86}.Debug|Any CPU.Build.0 = Debug|Any CPU
		{4C0A7B03-DAE3-4457-A452-BB9CDB6BAA86}.Debug|x64.ActiveCfg = Debug|Any CPU
		{4C0A7B03-DAE3-4457-A452-BB9CDB6BAA86}.Debug|x64.Build.0 = Debug|Any CPU
		{4C0A7B03-DAE3-4457-A452-BB9CDB6BAA86}.Release|Any CPU.ActiveCfg = Release|Any CPU
		{4C0A7B03-DAE3-4457-A452-BB9CDB6BAA86}.Release|Any CPU.Build.0 = Release|Any CPU
		{4C0A7B03-DAE3-4457-A452-BB9CDB6BAA86}.Release|x64.ActiveCfg = Release|Any CPU
		{4C0A7B03-DAE3-4457-A452-BB9CDB6BAA86}.Release|x64.Build.0 = Release|Any CPU
		{76B9EAB2-76E6-4D9B-8FC2-94C3DA0C9A80}.Debug|Any CPU.ActiveCfg = Debug|Any CPU
		{76B9EAB2-76E6-4D9B-8FC2-94C3DA0C9A80}.Debug|Any CPU.Build.0 = Debug|Any CPU
		{76B9EAB2-76E6-4D9B-8FC2-94C3DA0C9A80}.Debug|x64.ActiveCfg = Debug|Any CPU
		{76B9EAB2-76E6-4D9B-8FC2-94C3DA0C9A80}.Debug|x64.Build.0 = Debug|Any CPU
		{76B9EAB2-76E6-4D9B-8FC2-94C3DA0C9A80}.Release|Any CPU.ActiveCfg = Release|Any CPU
		{76B9EAB2-76E6-4D9B-8FC2-94C3DA0C9A80}.Release|Any CPU.Build.0 = Release|Any CPU
		{76B9EAB2-76E6-4D9B-8FC2-94C3DA0C9A80}.Release|x64.ActiveCfg = Release|Any CPU
		{76B9EAB2-76E6-4D9B-8FC2-94C3DA0C9A80}.Release|x64.Build.0 = Release|Any CPU
		{CBBF13D9-5DA7-41BF-B183-513E8A31AB3F}.Debug|Any CPU.ActiveCfg = Debug|Any CPU
		{CBBF13D9-5DA7-41BF-B183-513E8A31AB3F}.Debug|Any CPU.Build.0 = Debug|Any CPU
		{CBBF13D9-5DA7-41BF-B183-513E8A31AB3F}.Debug|x64.ActiveCfg = Debug|Any CPU
		{CBBF13D9-5DA7-41BF-B183-513E8A31AB3F}.Debug|x64.Build.0 = Debug|Any CPU
		{CBBF13D9-5DA7-41BF-B183-513E8A31AB3F}.Release|Any CPU.ActiveCfg = Release|Any CPU
		{CBBF13D9-5DA7-41BF-B183-513E8A31AB3F}.Release|Any CPU.Build.0 = Release|Any CPU
		{CBBF13D9-5DA7-41BF-B183-513E8A31AB3F}.Release|x64.ActiveCfg = Release|Any CPU
		{CBBF13D9-5DA7-41BF-B183-513E8A31AB3F}.Release|x64.Build.0 = Release|Any CPU
		{7E3BF4DD-E5D3-46E4-A744-FB85AF075D39}.Debug|Any CPU.ActiveCfg = Debug|Any CPU
		{7E3BF4DD-E5D3-46E4-A744-FB85AF075D39}.Debug|Any CPU.Build.0 = Debug|Any CPU
		{7E3BF4DD-E5D3-46E4-A744-FB85AF075D39}.Debug|x64.ActiveCfg = Debug|Any CPU
		{7E3BF4DD-E5D3-46E4-A744-FB85AF075D39}.Debug|x64.Build.0 = Debug|Any CPU
		{7E3BF4DD-E5D3-46E4-A744-FB85AF075D39}.Release|Any CPU.ActiveCfg = Release|Any CPU
		{7E3BF4DD-E5D3-46E4-A744-FB85AF075D39}.Release|Any CPU.Build.0 = Release|Any CPU
		{7E3BF4DD-E5D3-46E4-A744-FB85AF075D39}.Release|x64.ActiveCfg = Release|Any CPU
		{7E3BF4DD-E5D3-46E4-A744-FB85AF075D39}.Release|x64.Build.0 = Release|Any CPU
		{B8FD8319-630D-4A08-B90C-5E7BF4A76531}.Debug|Any CPU.ActiveCfg = Debug|Any CPU
		{B8FD8319-630D-4A08-B90C-5E7BF4A76531}.Debug|Any CPU.Build.0 = Debug|Any CPU
		{B8FD8319-630D-4A08-B90C-5E7BF4A76531}.Debug|x64.ActiveCfg = Debug|Any CPU
		{B8FD8319-630D-4A08-B90C-5E7BF4A76531}.Debug|x64.Build.0 = Debug|Any CPU
		{B8FD8319-630D-4A08-B90C-5E7BF4A76531}.Release|Any CPU.ActiveCfg = Release|Any CPU
		{B8FD8319-630D-4A08-B90C-5E7BF4A76531}.Release|Any CPU.Build.0 = Release|Any CPU
		{B8FD8319-630D-4A08-B90C-5E7BF4A76531}.Release|x64.ActiveCfg = Release|Any CPU
		{B8FD8319-630D-4A08-B90C-5E7BF4A76531}.Release|x64.Build.0 = Release|Any CPU
		{7DC1F2A1-1913-4C68-8FDB-67C4141C3386}.Debug|Any CPU.ActiveCfg = Debug|Any CPU
		{7DC1F2A1-1913-4C68-8FDB-67C4141C3386}.Debug|Any CPU.Build.0 = Debug|Any CPU
		{7DC1F2A1-1913-4C68-8FDB-67C4141C3386}.Debug|x64.ActiveCfg = Debug|Any CPU
		{7DC1F2A1-1913-4C68-8FDB-67C4141C3386}.Debug|x64.Build.0 = Debug|Any CPU
		{7DC1F2A1-1913-4C68-8FDB-67C4141C3386}.Release|Any CPU.ActiveCfg = Release|Any CPU
		{7DC1F2A1-1913-4C68-8FDB-67C4141C3386}.Release|Any CPU.Build.0 = Release|Any CPU
		{7DC1F2A1-1913-4C68-8FDB-67C4141C3386}.Release|x64.ActiveCfg = Release|Any CPU
		{7DC1F2A1-1913-4C68-8FDB-67C4141C3386}.Release|x64.Build.0 = Release|Any CPU
		{12CD3E2C-A063-42A6-A7B4-D14956478C52}.Debug|Any CPU.ActiveCfg = Debug|Any CPU
		{12CD3E2C-A063-42A6-A7B4-D14956478C52}.Debug|Any CPU.Build.0 = Debug|Any CPU
		{12CD3E2C-A063-42A6-A7B4-D14956478C52}.Debug|x64.ActiveCfg = Debug|Any CPU
		{12CD3E2C-A063-42A6-A7B4-D14956478C52}.Debug|x64.Build.0 = Debug|Any CPU
		{12CD3E2C-A063-42A6-A7B4-D14956478C52}.Release|Any CPU.ActiveCfg = Release|Any CPU
		{12CD3E2C-A063-42A6-A7B4-D14956478C52}.Release|Any CPU.Build.0 = Release|Any CPU
		{12CD3E2C-A063-42A6-A7B4-D14956478C52}.Release|x64.ActiveCfg = Release|Any CPU
		{12CD3E2C-A063-42A6-A7B4-D14956478C52}.Release|x64.Build.0 = Release|Any CPU
		{0383AE2C-07AA-4640-8C67-5084818E57A2}.Debug|Any CPU.ActiveCfg = Debug|Any CPU
		{0383AE2C-07AA-4640-8C67-5084818E57A2}.Debug|Any CPU.Build.0 = Debug|Any CPU
		{0383AE2C-07AA-4640-8C67-5084818E57A2}.Debug|x64.ActiveCfg = Debug|Any CPU
		{0383AE2C-07AA-4640-8C67-5084818E57A2}.Debug|x64.Build.0 = Debug|Any CPU
		{0383AE2C-07AA-4640-8C67-5084818E57A2}.Release|Any CPU.ActiveCfg = Release|Any CPU
		{0383AE2C-07AA-4640-8C67-5084818E57A2}.Release|Any CPU.Build.0 = Release|Any CPU
		{0383AE2C-07AA-4640-8C67-5084818E57A2}.Release|x64.ActiveCfg = Release|Any CPU
		{0383AE2C-07AA-4640-8C67-5084818E57A2}.Release|x64.Build.0 = Release|Any CPU
		{471A2687-4109-4FB4-9E93-A143E178E5B9}.Debug|Any CPU.ActiveCfg = Debug|Any CPU
		{471A2687-4109-4FB4-9E93-A143E178E5B9}.Debug|Any CPU.Build.0 = Debug|Any CPU
		{471A2687-4109-4FB4-9E93-A143E178E5B9}.Debug|x64.ActiveCfg = Debug|Any CPU
		{471A2687-4109-4FB4-9E93-A143E178E5B9}.Debug|x64.Build.0 = Debug|Any CPU
		{471A2687-4109-4FB4-9E93-A143E178E5B9}.Release|Any CPU.ActiveCfg = Release|Any CPU
		{471A2687-4109-4FB4-9E93-A143E178E5B9}.Release|Any CPU.Build.0 = Release|Any CPU
		{471A2687-4109-4FB4-9E93-A143E178E5B9}.Release|x64.ActiveCfg = Release|Any CPU
		{471A2687-4109-4FB4-9E93-A143E178E5B9}.Release|x64.Build.0 = Release|Any CPU
		{178AC2B0-15A6-44AA-91D7-C9FB23EF4E4A}.Debug|Any CPU.ActiveCfg = Debug|Any CPU
		{178AC2B0-15A6-44AA-91D7-C9FB23EF4E4A}.Debug|Any CPU.Build.0 = Debug|Any CPU
		{178AC2B0-15A6-44AA-91D7-C9FB23EF4E4A}.Debug|x64.ActiveCfg = Debug|Any CPU
		{178AC2B0-15A6-44AA-91D7-C9FB23EF4E4A}.Debug|x64.Build.0 = Debug|Any CPU
		{178AC2B0-15A6-44AA-91D7-C9FB23EF4E4A}.Release|Any CPU.ActiveCfg = Release|Any CPU
		{178AC2B0-15A6-44AA-91D7-C9FB23EF4E4A}.Release|Any CPU.Build.0 = Release|Any CPU
		{178AC2B0-15A6-44AA-91D7-C9FB23EF4E4A}.Release|x64.ActiveCfg = Release|Any CPU
		{178AC2B0-15A6-44AA-91D7-C9FB23EF4E4A}.Release|x64.Build.0 = Release|Any CPU
		{AC428334-931A-49CE-B099-BDE5B7A7B130}.Debug|Any CPU.ActiveCfg = Debug|Any CPU
		{AC428334-931A-49CE-B099-BDE5B7A7B130}.Debug|Any CPU.Build.0 = Debug|Any CPU
		{AC428334-931A-49CE-B099-BDE5B7A7B130}.Debug|x64.ActiveCfg = Debug|Any CPU
		{AC428334-931A-49CE-B099-BDE5B7A7B130}.Debug|x64.Build.0 = Debug|Any CPU
		{AC428334-931A-49CE-B099-BDE5B7A7B130}.Release|Any CPU.ActiveCfg = Release|Any CPU
		{AC428334-931A-49CE-B099-BDE5B7A7B130}.Release|Any CPU.Build.0 = Release|Any CPU
		{AC428334-931A-49CE-B099-BDE5B7A7B130}.Release|x64.ActiveCfg = Release|Any CPU
		{AC428334-931A-49CE-B099-BDE5B7A7B130}.Release|x64.Build.0 = Release|Any CPU
		{5565A9A9-5ECB-44A3-A397-9FC25D2B64AB}.Debug|Any CPU.ActiveCfg = Debug|Any CPU
		{5565A9A9-5ECB-44A3-A397-9FC25D2B64AB}.Debug|Any CPU.Build.0 = Debug|Any CPU
		{5565A9A9-5ECB-44A3-A397-9FC25D2B64AB}.Debug|x64.ActiveCfg = Debug|Any CPU
		{5565A9A9-5ECB-44A3-A397-9FC25D2B64AB}.Debug|x64.Build.0 = Debug|Any CPU
		{5565A9A9-5ECB-44A3-A397-9FC25D2B64AB}.Release|Any CPU.ActiveCfg = Release|Any CPU
		{5565A9A9-5ECB-44A3-A397-9FC25D2B64AB}.Release|Any CPU.Build.0 = Release|Any CPU
		{5565A9A9-5ECB-44A3-A397-9FC25D2B64AB}.Release|x64.ActiveCfg = Release|Any CPU
		{5565A9A9-5ECB-44A3-A397-9FC25D2B64AB}.Release|x64.Build.0 = Release|Any CPU
	EndGlobalSection
	GlobalSection(SolutionProperties) = preSolution
		HideSolutionNode = FALSE
	EndGlobalSection
	GlobalSection(NestedProjects) = preSolution
		{3555D3AC-F13A-4743-83DD-F16FC2BF2BE3} = {43377E56-9E7A-4ECD-BD27-44B9F85E01AE}
		{C12654BD-DA50-409E-B8CF-07E2C4FD24F5} = {43377E56-9E7A-4ECD-BD27-44B9F85E01AE}
		{70FD693A-9F7D-46F6-9B93-4CF5C76DEB15} = {9E6E150B-162E-4D9A-8782-9BAFA9DE73FB}
		{49AF88B6-40FA-49B3-81FD-C4FDC79D32C7} = {43377E56-9E7A-4ECD-BD27-44B9F85E01AE}
		{6DC3B3C3-AE37-4088-9ADC-BF7B86771FC2} = {43377E56-9E7A-4ECD-BD27-44B9F85E01AE}
		{4C0A7B03-DAE3-4457-A452-BB9CDB6BAA86} = {43377E56-9E7A-4ECD-BD27-44B9F85E01AE}
		{76B9EAB2-76E6-4D9B-8FC2-94C3DA0C9A80} = {43377E56-9E7A-4ECD-BD27-44B9F85E01AE}
		{CBBF13D9-5DA7-41BF-B183-513E8A31AB3F} = {43377E56-9E7A-4ECD-BD27-44B9F85E01AE}
		{7E3BF4DD-E5D3-46E4-A744-FB85AF075D39} = {43377E56-9E7A-4ECD-BD27-44B9F85E01AE}
		{B8FD8319-630D-4A08-B90C-5E7BF4A76531} = {43377E56-9E7A-4ECD-BD27-44B9F85E01AE}
		{7DC1F2A1-1913-4C68-8FDB-67C4141C3386} = {43377E56-9E7A-4ECD-BD27-44B9F85E01AE}
		{12CD3E2C-A063-42A6-A7B4-D14956478C52} = {43377E56-9E7A-4ECD-BD27-44B9F85E01AE}
		{0383AE2C-07AA-4640-8C67-5084818E57A2} = {43377E56-9E7A-4ECD-BD27-44B9F85E01AE}
		{178AC2B0-15A6-44AA-91D7-C9FB23EF4E4A} = {43377E56-9E7A-4ECD-BD27-44B9F85E01AE}
	EndGlobalSection
	GlobalSection(ExtensibilityGlobals) = postSolution
		SolutionGuid = {35ACDF4E-2CE2-46B1-A19F-35DC131069A1}
	EndGlobalSection
	GlobalSection(MonoDevelopProperties) = preSolution
		StartupItem = Myra.UIEditor\Myra.UIEditor.csproj
	EndGlobalSection
EndGlobal
