
Microsoft Visual Studio Solution File, Format Version 12.00
# Visual Studio Version 17
VisualStudioVersion = 17.1.32328.378
MinimumVisualStudioVersion = 10.0.40219.1
Project("{2150E333-8FDC-42A3-9474-1A3956D46DE8}") = "Tests", "Tests", "{9E6E150B-162E-4D9A-8782-9BAFA9DE73FB}"
EndProject
Project("{2150E333-8FDC-42A3-9474-1A3956D46DE8}") = "Source", "Source", "{43377E56-9E7A-4ECD-BD27-44B9F85E01AE}"
EndProject
Project("{9A19103F-16F7-4668-BE54-9A1E7A4F7556}") = "DigitalRise.CommandLine", "Source\DigitalRise.CommandLine\DigitalRise.CommandLine.csproj", "{6DC3B3C3-AE37-4088-9ADC-BF7B86771FC2}"
EndProject
Project("{9A19103F-16F7-4668-BE54-9A1E7A4F7556}") = "DigitalRise.Mathematics.MonoGame", "Source\DigitalRise.Mathematics\DigitalRise.Mathematics.MonoGame.csproj", "{4C0A7B03-DAE3-4457-A452-BB9CDB6BAA86}"
EndProject
Project("{9A19103F-16F7-4668-BE54-9A1E7A4F7556}") = "DigitalRise.Geometry.MonoGame", "Source\DigitalRise.Geometry\DigitalRise.Geometry.MonoGame.csproj", "{76B9EAB2-76E6-4D9B-8FC2-94C3DA0C9A80}"
EndProject
Project("{9A19103F-16F7-4668-BE54-9A1E7A4F7556}") = "DigitalRise.Animation.MonoGame", "Source\DigitalRise.Animation\DigitalRise.Animation.MonoGame.csproj", "{CBBF13D9-5DA7-41BF-B183-513E8A31AB3F}"
EndProject
Project("{9A19103F-16F7-4668-BE54-9A1E7A4F7556}") = "DigitalRise.Input.MonoGame", "Source\DigitalRise.Input\DigitalRise.Input.MonoGame.csproj", "{7E3BF4DD-E5D3-46E4-A744-FB85AF075D39}"
EndProject
Project("{9A19103F-16F7-4668-BE54-9A1E7A4F7556}") = "DigitalRise.UI.MonoGame", "Source\DigitalRise.UI\DigitalRise.UI.MonoGame.csproj", "{B8FD8319-630D-4A08-B90C-5E7BF4A76531}"
EndProject
Project("{9A19103F-16F7-4668-BE54-9A1E7A4F7556}") = "DigitalRise.Particles.MonoGame", "Source\DigitalRise.Particles\DigitalRise.Particles.MonoGame.csproj", "{7DC1F2A1-1913-4C68-8FDB-67C4141C3386}"
EndProject
Project("{9A19103F-16F7-4668-BE54-9A1E7A4F7556}") = "DigitalRise.Physics.MonoGame", "Source\DigitalRise.Physics\DigitalRise.Physics.MonoGame.csproj", "{12CD3E2C-A063-42A6-A7B4-D14956478C52}"
EndProject
Project("{9A19103F-16F7-4668-BE54-9A1E7A4F7556}") = "DigitalRise.Physics.Specialized.MonoGame", "Source\DigitalRise.Physics.Specialized\DigitalRise.Physics.Specialized.MonoGame.csproj", "{0383AE2C-07AA-4640-8C67-5084818E57A2}"
EndProject
Project("{9A19103F-16F7-4668-BE54-9A1E7A4F7556}") = "DigitalRise.Graphics.MonoGame.DirectX", "Source\DigitalRise.Graphics\DigitalRise.Graphics.MonoGame.DirectX.csproj", "{178AC2B0-15A6-44AA-91D7-C9FB23EF4E4A}"
EndProject
Project("{2150E333-8FDC-42A3-9474-1A3956D46DE8}") = "Samples", "Samples", "{4E3892B6-8A51-42F9-A3F3-8BADC5D000AC}"
EndProject
Project("{9A19103F-16F7-4668-BE54-9A1E7A4F7556}") = "SampleBrowser.MonoGame.DirectX", "Samples\SampleBrowser\SampleBrowser.MonoGame.DirectX.csproj", "{FE97CDC2-943D-4107-8462-7543068817E5}"
EndProject
Project("{9A19103F-16F7-4668-BE54-9A1E7A4F7556}") = "DigitalRise.GameBase.MonoGame", "Source\DigitalRise.GameBase\DigitalRise.GameBase.MonoGame.csproj", "{E848569F-1E99-4153-B61E-753FE1CE8238}"
EndProject
Project("{9A19103F-16F7-4668-BE54-9A1E7A4F7556}") = "DigitalRise.Windows.Interop.MonoGame.DirectX", "Source\DigitalRise.Windows.Interop\DigitalRise.Windows.Interop.MonoGame.DirectX.csproj", "{E67B256A-873B-43E6-9CA9-446579D9C5EB}"
EndProject
Project("{9A19103F-16F7-4668-BE54-9A1E7A4F7556}") = "WpfInteropSample.MonoGame.DirectX", "Samples\WpfInteropSample\WpfInteropSample.MonoGame.DirectX.csproj", "{A17D5334-7174-4B1F-BE9E-374F655E7F77}"
EndProject
Project("{9A19103F-16F7-4668-BE54-9A1E7A4F7556}") = "DigitalRise.Animation.Tests.MonoGame", "Tests\DigitalRise.Animation.Tests\DigitalRise.Animation.Tests.MonoGame.csproj", "{A6ECAD2B-6DCF-4814-BB41-458AB2ADE9F0}"
EndProject
Project("{9A19103F-16F7-4668-BE54-9A1E7A4F7556}") = "DigitalRise.CommandLine.Tests", "Tests\DigitalRise.CommandLine.Tests\DigitalRise.CommandLine.Tests.csproj", "{C6469483-DCAC-4DCE-85B2-C9948B0A1CB0}"
EndProject
Project("{9A19103F-16F7-4668-BE54-9A1E7A4F7556}") = "NUnit.Utils", "Tests\NUnit.Utils\NUnit.Utils.csproj", "{7941E824-D917-4C9B-B9B1-E635E84FB88E}"
EndProject
Project("{9A19103F-16F7-4668-BE54-9A1E7A4F7556}") = "DigitalRise.UI.Tests.MonoGame", "Tests\DigitalRise.UI.Tests\DigitalRise.UI.Tests.MonoGame.csproj", "{78A4464F-334C-4AEA-9148-543F6A2113A2}"
EndProject
Project("{9A19103F-16F7-4668-BE54-9A1E7A4F7556}") = "DigitalRise.Geometry.Tests.MonoGame", "Tests\DigitalRise.Geometry.Tests\DigitalRise.Geometry.Tests.MonoGame.csproj", "{82E2089C-9373-41CA-90E4-9768A1FB481E}"
EndProject
Project("{9A19103F-16F7-4668-BE54-9A1E7A4F7556}") = "DigitalRise.Graphics.Tests.MonoGame.DirectX", "Tests\DigitalRise.Graphics.Tests\DigitalRise.Graphics.Tests.MonoGame.DirectX.csproj", "{89B15E2C-00B4-4749-A302-43F9FEE7E1BE}"
EndProject
Project("{9A19103F-16F7-4668-BE54-9A1E7A4F7556}") = "DigitalRise.Mathematics.Tests.MonoGame", "Tests\DigitalRise.Mathematics.Tests\DigitalRise.Mathematics.Tests.MonoGame.csproj", "{D56DA06E-7443-44A6-B637-2044821A5F3B}"
EndProject
Project("{9A19103F-16F7-4668-BE54-9A1E7A4F7556}") = "DigitalRise.Particles.Tests.MonoGame", "Tests\DigitalRise.Particles.Tests\DigitalRise.Particles.Tests.MonoGame.csproj", "{E3A023E4-7E71-4B1F-BA47-242A2335D5EC}"
EndProject
Project("{9A19103F-16F7-4668-BE54-9A1E7A4F7556}") = "DigitalRise.Physics.Tests.MonoGame", "Tests\DigitalRise.Physics.Tests\DigitalRise.Physics.Tests.MonoGame.csproj", "{95422228-8BFA-4196-909D-9311A03E2402}"
EndProject
Project("{9A19103F-16F7-4668-BE54-9A1E7A4F7556}") = "DigitalRise.GameBase.MonoGame.Tests", "Tests\DigitalRise.GameBase.Tests\DigitalRise.GameBase.MonoGame.Tests.csproj", "{C3DAE0BF-3C26-484C-9AA3-296BE8BD83AB}"
EndProject
Project("{2150E333-8FDC-42A3-9474-1A3956D46DE8}") = "Tools", "Tools", "{9CB0DAA8-0CF9-4618-A20C-9DDAE411FB09}"
EndProject
Project("{9A19103F-16F7-4668-BE54-9A1E7A4F7556}") = "GltfUtility", "Tools\GltfUtility\GltfUtility.csproj", "{63395A7C-9DB5-4F50-85D2-6A4BC4856EF8}"
EndProject
Project("{9A19103F-16F7-4668-BE54-9A1E7A4F7556}") = "DigitalRise.Common.MonoGame", "Source\DigitalRise.Common\DigitalRise.Common.MonoGame.csproj", "{4DED8431-4545-4C9C-A188-302D5E67972C}"
EndProject
Project("{9A19103F-16F7-4668-BE54-9A1E7A4F7556}") = "Samples.UI.MonoGame.DirectX", "Samples\Samples.UI\Samples.UI.MonoGame.DirectX.csproj", "{3B550571-A18E-4B45-816A-451E6F70DA65}"
EndProject
Project("{9A19103F-16F7-4668-BE54-9A1E7A4F7556}") = "DigitalRise.Common.Tests", "Tests\DigitalRise.Common.Tests\DigitalRise.Common.Tests.csproj", "{8FCEF534-A44A-42E0-9F8C-BD8E2F877EDE}"
EndProject
Project("{9A19103F-16F7-4668-BE54-9A1E7A4F7556}") = "SplitAtlas", "Tools\SplitAtlas\SplitAtlas.csproj", "{AEDE2C34-2246-4220-B063-83DEA8027288}"
EndProject
Project("{9A19103F-16F7-4668-BE54-9A1E7A4F7556}") = "DRTexturePacker", "Tools\DRTexturePacker\DRTexturePacker.csproj", "{51697635-A9DE-49BA-BE8F-FAA476B459F6}"
EndProject
Project("{9A19103F-16F7-4668-BE54-9A1E7A4F7556}") = "LevelEditor.MonoGame.DirectX", "Samples\LevelEditor\LevelEditor.MonoGame.DirectX.csproj", "{799029B7-1879-4251-B287-7C9577C7C88F}"
EndProject
Global
	GlobalSection(SolutionConfigurationPlatforms) = preSolution
		Debug|Any CPU = Debug|Any CPU
		Release|Any CPU = Release|Any CPU
	EndGlobalSection
	GlobalSection(ProjectConfigurationPlatforms) = postSolution
		{6DC3B3C3-AE37-4088-9ADC-BF7B86771FC2}.Debug|Any CPU.ActiveCfg = Debug|Any CPU
		{6DC3B3C3-AE37-4088-9ADC-BF7B86771FC2}.Debug|Any CPU.Build.0 = Debug|Any CPU
		{6DC3B3C3-AE37-4088-9ADC-BF7B86771FC2}.Release|Any CPU.ActiveCfg = Release|Any CPU
		{6DC3B3C3-AE37-4088-9ADC-BF7B86771FC2}.Release|Any CPU.Build.0 = Release|Any CPU
		{4C0A7B03-DAE3-4457-A452-BB9CDB6BAA86}.Debug|Any CPU.ActiveCfg = Debug|Any CPU
		{4C0A7B03-DAE3-4457-A452-BB9CDB6BAA86}.Debug|Any CPU.Build.0 = Debug|Any CPU
		{4C0A7B03-DAE3-4457-A452-BB9CDB6BAA86}.Release|Any CPU.ActiveCfg = Release|Any CPU
		{4C0A7B03-DAE3-4457-A452-BB9CDB6BAA86}.Release|Any CPU.Build.0 = Release|Any CPU
		{76B9EAB2-76E6-4D9B-8FC2-94C3DA0C9A80}.Debug|Any CPU.ActiveCfg = Debug|Any CPU
		{76B9EAB2-76E6-4D9B-8FC2-94C3DA0C9A80}.Debug|Any CPU.Build.0 = Debug|Any CPU
		{76B9EAB2-76E6-4D9B-8FC2-94C3DA0C9A80}.Release|Any CPU.ActiveCfg = Release|Any CPU
		{76B9EAB2-76E6-4D9B-8FC2-94C3DA0C9A80}.Release|Any CPU.Build.0 = Release|Any CPU
		{CBBF13D9-5DA7-41BF-B183-513E8A31AB3F}.Debug|Any CPU.ActiveCfg = Debug|Any CPU
		{CBBF13D9-5DA7-41BF-B183-513E8A31AB3F}.Debug|Any CPU.Build.0 = Debug|Any CPU
		{CBBF13D9-5DA7-41BF-B183-513E8A31AB3F}.Release|Any CPU.ActiveCfg = Release|Any CPU
		{CBBF13D9-5DA7-41BF-B183-513E8A31AB3F}.Release|Any CPU.Build.0 = Release|Any CPU
		{7E3BF4DD-E5D3-46E4-A744-FB85AF075D39}.Debug|Any CPU.ActiveCfg = Debug|Any CPU
		{7E3BF4DD-E5D3-46E4-A744-FB85AF075D39}.Debug|Any CPU.Build.0 = Debug|Any CPU
		{7E3BF4DD-E5D3-46E4-A744-FB85AF075D39}.Release|Any CPU.ActiveCfg = Release|Any CPU
		{7E3BF4DD-E5D3-46E4-A744-FB85AF075D39}.Release|Any CPU.Build.0 = Release|Any CPU
		{B8FD8319-630D-4A08-B90C-5E7BF4A76531}.Debug|Any CPU.ActiveCfg = Debug|Any CPU
		{B8FD8319-630D-4A08-B90C-5E7BF4A76531}.Debug|Any CPU.Build.0 = Debug|Any CPU
		{B8FD8319-630D-4A08-B90C-5E7BF4A76531}.Release|Any CPU.ActiveCfg = Release|Any CPU
		{B8FD8319-630D-4A08-B90C-5E7BF4A76531}.Release|Any CPU.Build.0 = Release|Any CPU
		{7DC1F2A1-1913-4C68-8FDB-67C4141C3386}.Debug|Any CPU.ActiveCfg = Debug|Any CPU
		{7DC1F2A1-1913-4C68-8FDB-67C4141C3386}.Debug|Any CPU.Build.0 = Debug|Any CPU
		{7DC1F2A1-1913-4C68-8FDB-67C4141C3386}.Release|Any CPU.ActiveCfg = Release|Any CPU
		{7DC1F2A1-1913-4C68-8FDB-67C4141C3386}.Release|Any CPU.Build.0 = Release|Any CPU
		{12CD3E2C-A063-42A6-A7B4-D14956478C52}.Debug|Any CPU.ActiveCfg = Debug|Any CPU
		{12CD3E2C-A063-42A6-A7B4-D14956478C52}.Debug|Any CPU.Build.0 = Debug|Any CPU
		{12CD3E2C-A063-42A6-A7B4-D14956478C52}.Release|Any CPU.ActiveCfg = Release|Any CPU
		{12CD3E2C-A063-42A6-A7B4-D14956478C52}.Release|Any CPU.Build.0 = Release|Any CPU
		{0383AE2C-07AA-4640-8C67-5084818E57A2}.Debug|Any CPU.ActiveCfg = Debug|Any CPU
		{0383AE2C-07AA-4640-8C67-5084818E57A2}.Debug|Any CPU.Build.0 = Debug|Any CPU
		{0383AE2C-07AA-4640-8C67-5084818E57A2}.Release|Any CPU.ActiveCfg = Release|Any CPU
		{0383AE2C-07AA-4640-8C67-5084818E57A2}.Release|Any CPU.Build.0 = Release|Any CPU
		{178AC2B0-15A6-44AA-91D7-C9FB23EF4E4A}.Debug|Any CPU.ActiveCfg = Debug|Any CPU
		{178AC2B0-15A6-44AA-91D7-C9FB23EF4E4A}.Debug|Any CPU.Build.0 = Debug|Any CPU
		{178AC2B0-15A6-44AA-91D7-C9FB23EF4E4A}.Release|Any CPU.ActiveCfg = Release|Any CPU
		{178AC2B0-15A6-44AA-91D7-C9FB23EF4E4A}.Release|Any CPU.Build.0 = Release|Any CPU
		{FE97CDC2-943D-4107-8462-7543068817E5}.Debug|Any CPU.ActiveCfg = Debug|Any CPU
		{FE97CDC2-943D-4107-8462-7543068817E5}.Debug|Any CPU.Build.0 = Debug|Any CPU
		{FE97CDC2-943D-4107-8462-7543068817E5}.Release|Any CPU.ActiveCfg = Release|Any CPU
		{FE97CDC2-943D-4107-8462-7543068817E5}.Release|Any CPU.Build.0 = Release|Any CPU
		{E848569F-1E99-4153-B61E-753FE1CE8238}.Debug|Any CPU.ActiveCfg = Debug|Any CPU
		{E848569F-1E99-4153-B61E-753FE1CE8238}.Debug|Any CPU.Build.0 = Debug|Any CPU
		{E848569F-1E99-4153-B61E-753FE1CE8238}.Release|Any CPU.ActiveCfg = Release|Any CPU
		{E848569F-1E99-4153-B61E-753FE1CE8238}.Release|Any CPU.Build.0 = Release|Any CPU
		{E67B256A-873B-43E6-9CA9-446579D9C5EB}.Debug|Any CPU.ActiveCfg = Debug|Any CPU
		{E67B256A-873B-43E6-9CA9-446579D9C5EB}.Debug|Any CPU.Build.0 = Debug|Any CPU
		{E67B256A-873B-43E6-9CA9-446579D9C5EB}.Release|Any CPU.ActiveCfg = Release|Any CPU
		{E67B256A-873B-43E6-9CA9-446579D9C5EB}.Release|Any CPU.Build.0 = Release|Any CPU
		{A17D5334-7174-4B1F-BE9E-374F655E7F77}.Debug|Any CPU.ActiveCfg = Debug|Any CPU
		{A17D5334-7174-4B1F-BE9E-374F655E7F77}.Debug|Any CPU.Build.0 = Debug|Any CPU
		{A17D5334-7174-4B1F-BE9E-374F655E7F77}.Release|Any CPU.ActiveCfg = Release|Any CPU
		{A17D5334-7174-4B1F-BE9E-374F655E7F77}.Release|Any CPU.Build.0 = Release|Any CPU
		{A6ECAD2B-6DCF-4814-BB41-458AB2ADE9F0}.Debug|Any CPU.ActiveCfg = Debug|Any CPU
		{A6ECAD2B-6DCF-4814-BB41-458AB2ADE9F0}.Debug|Any CPU.Build.0 = Debug|Any CPU
		{A6ECAD2B-6DCF-4814-BB41-458AB2ADE9F0}.Release|Any CPU.ActiveCfg = Release|Any CPU
		{A6ECAD2B-6DCF-4814-BB41-458AB2ADE9F0}.Release|Any CPU.Build.0 = Release|Any CPU
		{C6469483-DCAC-4DCE-85B2-C9948B0A1CB0}.Debug|Any CPU.ActiveCfg = Debug|Any CPU
		{C6469483-DCAC-4DCE-85B2-C9948B0A1CB0}.Debug|Any CPU.Build.0 = Debug|Any CPU
		{C6469483-DCAC-4DCE-85B2-C9948B0A1CB0}.Release|Any CPU.ActiveCfg = Release|Any CPU
		{C6469483-DCAC-4DCE-85B2-C9948B0A1CB0}.Release|Any CPU.Build.0 = Release|Any CPU
		{7941E824-D917-4C9B-B9B1-E635E84FB88E}.Debug|Any CPU.ActiveCfg = Debug|Any CPU
		{7941E824-D917-4C9B-B9B1-E635E84FB88E}.Debug|Any CPU.Build.0 = Debug|Any CPU
		{7941E824-D917-4C9B-B9B1-E635E84FB88E}.Release|Any CPU.ActiveCfg = Release|Any CPU
		{7941E824-D917-4C9B-B9B1-E635E84FB88E}.Release|Any CPU.Build.0 = Release|Any CPU
		{78A4464F-334C-4AEA-9148-543F6A2113A2}.Debug|Any CPU.ActiveCfg = Debug|Any CPU
		{78A4464F-334C-4AEA-9148-543F6A2113A2}.Debug|Any CPU.Build.0 = Debug|Any CPU
		{78A4464F-334C-4AEA-9148-543F6A2113A2}.Release|Any CPU.ActiveCfg = Release|Any CPU
		{78A4464F-334C-4AEA-9148-543F6A2113A2}.Release|Any CPU.Build.0 = Release|Any CPU
		{82E2089C-9373-41CA-90E4-9768A1FB481E}.Debug|Any CPU.ActiveCfg = Debug|Any CPU
		{82E2089C-9373-41CA-90E4-9768A1FB481E}.Debug|Any CPU.Build.0 = Debug|Any CPU
		{82E2089C-9373-41CA-90E4-9768A1FB481E}.Release|Any CPU.ActiveCfg = Release|Any CPU
		{82E2089C-9373-41CA-90E4-9768A1FB481E}.Release|Any CPU.Build.0 = Release|Any CPU
		{89B15E2C-00B4-4749-A302-43F9FEE7E1BE}.Debug|Any CPU.ActiveCfg = Debug|Any CPU
		{89B15E2C-00B4-4749-A302-43F9FEE7E1BE}.Debug|Any CPU.Build.0 = Debug|Any CPU
		{89B15E2C-00B4-4749-A302-43F9FEE7E1BE}.Release|Any CPU.ActiveCfg = Release|Any CPU
		{89B15E2C-00B4-4749-A302-43F9FEE7E1BE}.Release|Any CPU.Build.0 = Release|Any CPU
		{D56DA06E-7443-44A6-B637-2044821A5F3B}.Debug|Any CPU.ActiveCfg = Debug|Any CPU
		{D56DA06E-7443-44A6-B637-2044821A5F3B}.Debug|Any CPU.Build.0 = Debug|Any CPU
		{D56DA06E-7443-44A6-B637-2044821A5F3B}.Release|Any CPU.ActiveCfg = Release|Any CPU
		{D56DA06E-7443-44A6-B637-2044821A5F3B}.Release|Any CPU.Build.0 = Release|Any CPU
		{E3A023E4-7E71-4B1F-BA47-242A2335D5EC}.Debug|Any CPU.ActiveCfg = Debug|Any CPU
		{E3A023E4-7E71-4B1F-BA47-242A2335D5EC}.Debug|Any CPU.Build.0 = Debug|Any CPU
		{E3A023E4-7E71-4B1F-BA47-242A2335D5EC}.Release|Any CPU.ActiveCfg = Release|Any CPU
		{E3A023E4-7E71-4B1F-BA47-242A2335D5EC}.Release|Any CPU.Build.0 = Release|Any CPU
		{95422228-8BFA-4196-909D-9311A03E2402}.Debug|Any CPU.ActiveCfg = Debug|Any CPU
		{95422228-8BFA-4196-909D-9311A03E2402}.Debug|Any CPU.Build.0 = Debug|Any CPU
		{95422228-8BFA-4196-909D-9311A03E2402}.Release|Any CPU.ActiveCfg = Release|Any CPU
		{95422228-8BFA-4196-909D-9311A03E2402}.Release|Any CPU.Build.0 = Release|Any CPU
		{C3DAE0BF-3C26-484C-9AA3-296BE8BD83AB}.Debug|Any CPU.ActiveCfg = Debug|Any CPU
		{C3DAE0BF-3C26-484C-9AA3-296BE8BD83AB}.Debug|Any CPU.Build.0 = Debug|Any CPU
		{C3DAE0BF-3C26-484C-9AA3-296BE8BD83AB}.Release|Any CPU.ActiveCfg = Release|Any CPU
		{C3DAE0BF-3C26-484C-9AA3-296BE8BD83AB}.Release|Any CPU.Build.0 = Release|Any CPU
		{63395A7C-9DB5-4F50-85D2-6A4BC4856EF8}.Debug|Any CPU.ActiveCfg = Debug|Any CPU
		{63395A7C-9DB5-4F50-85D2-6A4BC4856EF8}.Debug|Any CPU.Build.0 = Debug|Any CPU
		{63395A7C-9DB5-4F50-85D2-6A4BC4856EF8}.Release|Any CPU.ActiveCfg = Release|Any CPU
		{63395A7C-9DB5-4F50-85D2-6A4BC4856EF8}.Release|Any CPU.Build.0 = Release|Any CPU
		{4DED8431-4545-4C9C-A188-302D5E67972C}.Debug|Any CPU.ActiveCfg = Debug|Any CPU
		{4DED8431-4545-4C9C-A188-302D5E67972C}.Debug|Any CPU.Build.0 = Debug|Any CPU
		{4DED8431-4545-4C9C-A188-302D5E67972C}.Release|Any CPU.ActiveCfg = Release|Any CPU
		{4DED8431-4545-4C9C-A188-302D5E67972C}.Release|Any CPU.Build.0 = Release|Any CPU
		{3B550571-A18E-4B45-816A-451E6F70DA65}.Debug|Any CPU.ActiveCfg = Debug|Any CPU
		{3B550571-A18E-4B45-816A-451E6F70DA65}.Debug|Any CPU.Build.0 = Debug|Any CPU
		{3B550571-A18E-4B45-816A-451E6F70DA65}.Release|Any CPU.ActiveCfg = Release|Any CPU
		{3B550571-A18E-4B45-816A-451E6F70DA65}.Release|Any CPU.Build.0 = Release|Any CPU
		{8FCEF534-A44A-42E0-9F8C-BD8E2F877EDE}.Debug|Any CPU.ActiveCfg = Debug|Any CPU
		{8FCEF534-A44A-42E0-9F8C-BD8E2F877EDE}.Debug|Any CPU.Build.0 = Debug|Any CPU
		{8FCEF534-A44A-42E0-9F8C-BD8E2F877EDE}.Release|Any CPU.ActiveCfg = Release|Any CPU
		{8FCEF534-A44A-42E0-9F8C-BD8E2F877EDE}.Release|Any CPU.Build.0 = Release|Any CPU
		{AEDE2C34-2246-4220-B063-83DEA8027288}.Debug|Any CPU.ActiveCfg = Debug|Any CPU
		{AEDE2C34-2246-4220-B063-83DEA8027288}.Debug|Any CPU.Build.0 = Debug|Any CPU
		{AEDE2C34-2246-4220-B063-83DEA8027288}.Release|Any CPU.ActiveCfg = Release|Any CPU
		{AEDE2C34-2246-4220-B063-83DEA8027288}.Release|Any CPU.Build.0 = Release|Any CPU
		{51697635-A9DE-49BA-BE8F-FAA476B459F6}.Debug|Any CPU.ActiveCfg = Debug|Any CPU
		{51697635-A9DE-49BA-BE8F-FAA476B459F6}.Debug|Any CPU.Build.0 = Debug|Any CPU
		{51697635-A9DE-49BA-BE8F-FAA476B459F6}.Release|Any CPU.ActiveCfg = Release|Any CPU
		{51697635-A9DE-49BA-BE8F-FAA476B459F6}.Release|Any CPU.Build.0 = Release|Any CPU
		{799029B7-1879-4251-B287-7C9577C7C88F}.Debug|Any CPU.ActiveCfg = Debug|Any CPU
		{799029B7-1879-4251-B287-7C9577C7C88F}.Debug|Any CPU.Build.0 = Debug|Any CPU
		{799029B7-1879-4251-B287-7C9577C7C88F}.Release|Any CPU.ActiveCfg = Release|Any CPU
		{799029B7-1879-4251-B287-7C9577C7C88F}.Release|Any CPU.Build.0 = Release|Any CPU
	EndGlobalSection
	GlobalSection(SolutionProperties) = preSolution
		HideSolutionNode = FALSE
	EndGlobalSection
	GlobalSection(NestedProjects) = preSolution
		{6DC3B3C3-AE37-4088-9ADC-BF7B86771FC2} = {43377E56-9E7A-4ECD-BD27-44B9F85E01AE}
		{4C0A7B03-DAE3-4457-A452-BB9CDB6BAA86} = {43377E56-9E7A-4ECD-BD27-44B9F85E01AE}
		{76B9EAB2-76E6-4D9B-8FC2-94C3DA0C9A80} = {43377E56-9E7A-4ECD-BD27-44B9F85E01AE}
		{CBBF13D9-5DA7-41BF-B183-513E8A31AB3F} = {43377E56-9E7A-4ECD-BD27-44B9F85E01AE}
		{7E3BF4DD-E5D3-46E4-A744-FB85AF075D39} = {43377E56-9E7A-4ECD-BD27-44B9F85E01AE}
		{B8FD8319-630D-4A08-B90C-5E7BF4A76531} = {43377E56-9E7A-4ECD-BD27-44B9F85E01AE}
		{7DC1F2A1-1913-4C68-8FDB-67C4141C3386} = {43377E56-9E7A-4ECD-BD27-44B9F85E01AE}
		{12CD3E2C-A063-42A6-A7B4-D14956478C52} = {43377E56-9E7A-4ECD-BD27-44B9F85E01AE}
		{0383AE2C-07AA-4640-8C67-5084818E57A2} = {43377E56-9E7A-4ECD-BD27-44B9F85E01AE}
		{178AC2B0-15A6-44AA-91D7-C9FB23EF4E4A} = {43377E56-9E7A-4ECD-BD27-44B9F85E01AE}
		{FE97CDC2-943D-4107-8462-7543068817E5} = {4E3892B6-8A51-42F9-A3F3-8BADC5D000AC}
		{E848569F-1E99-4153-B61E-753FE1CE8238} = {43377E56-9E7A-4ECD-BD27-44B9F85E01AE}
		{E67B256A-873B-43E6-9CA9-446579D9C5EB} = {43377E56-9E7A-4ECD-BD27-44B9F85E01AE}
		{A17D5334-7174-4B1F-BE9E-374F655E7F77} = {4E3892B6-8A51-42F9-A3F3-8BADC5D000AC}
		{A6ECAD2B-6DCF-4814-BB41-458AB2ADE9F0} = {9E6E150B-162E-4D9A-8782-9BAFA9DE73FB}
		{C6469483-DCAC-4DCE-85B2-C9948B0A1CB0} = {9E6E150B-162E-4D9A-8782-9BAFA9DE73FB}
		{7941E824-D917-4C9B-B9B1-E635E84FB88E} = {9E6E150B-162E-4D9A-8782-9BAFA9DE73FB}
		{78A4464F-334C-4AEA-9148-543F6A2113A2} = {9E6E150B-162E-4D9A-8782-9BAFA9DE73FB}
		{82E2089C-9373-41CA-90E4-9768A1FB481E} = {9E6E150B-162E-4D9A-8782-9BAFA9DE73FB}
		{89B15E2C-00B4-4749-A302-43F9FEE7E1BE} = {9E6E150B-162E-4D9A-8782-9BAFA9DE73FB}
		{D56DA06E-7443-44A6-B637-2044821A5F3B} = {9E6E150B-162E-4D9A-8782-9BAFA9DE73FB}
		{E3A023E4-7E71-4B1F-BA47-242A2335D5EC} = {9E6E150B-162E-4D9A-8782-9BAFA9DE73FB}
		{95422228-8BFA-4196-909D-9311A03E2402} = {9E6E150B-162E-4D9A-8782-9BAFA9DE73FB}
		{C3DAE0BF-3C26-484C-9AA3-296BE8BD83AB} = {9E6E150B-162E-4D9A-8782-9BAFA9DE73FB}
		{63395A7C-9DB5-4F50-85D2-6A4BC4856EF8} = {9CB0DAA8-0CF9-4618-A20C-9DDAE411FB09}
		{4DED8431-4545-4C9C-A188-302D5E67972C} = {43377E56-9E7A-4ECD-BD27-44B9F85E01AE}
		{3B550571-A18E-4B45-816A-451E6F70DA65} = {4E3892B6-8A51-42F9-A3F3-8BADC5D000AC}
		{8FCEF534-A44A-42E0-9F8C-BD8E2F877EDE} = {9E6E150B-162E-4D9A-8782-9BAFA9DE73FB}
		{AEDE2C34-2246-4220-B063-83DEA8027288} = {9CB0DAA8-0CF9-4618-A20C-9DDAE411FB09}
		{51697635-A9DE-49BA-BE8F-FAA476B459F6} = {9CB0DAA8-0CF9-4618-A20C-9DDAE411FB09}
		{799029B7-1879-4251-B287-7C9577C7C88F} = {4E3892B6-8A51-42F9-A3F3-8BADC5D000AC}
	EndGlobalSection
	GlobalSection(ExtensibilityGlobals) = postSolution
		SolutionGuid = {35ACDF4E-2CE2-46B1-A19F-35DC131069A1}
	EndGlobalSection
	GlobalSection(MonoDevelopProperties) = preSolution
		StartupItem = Myra.UIEditor\Myra.UIEditor.csproj
	EndGlobalSection
EndGlobal
